{
  "version": 4,
  "terraform_version": "1.6.1",
  "serial": 12,
  "lineage": "67bd1b47-9fe9-38dc-2f59-f89781e420bb",
  "outputs": {},
  "resources": [
    {
      "mode": "managed",
      "type": "proxmox_vm_qemu",
      "name": "controller",
      "provider": "provider[\"registry.terraform.io/telmate/proxmox\"]",
      "instances": [
        {
          "index_key": "e1-dev-controller-11",
          "schema_version": 0,
          "attributes": {
            "additional_wait": 5,
            "agent": 1,
            "args": "",
            "automatic_reboot": true,
            "balloon": 0,
            "bios": "seabios",
            "boot": "cdn",
            "bootdisk": "scsi0",
            "bridge": null,
            "ci_wait": null,
            "cicustom": "",
            "cipassword": "",
            "ciuser": "e1deployer",
            "clone": "Ubuntu20",
            "clone_wait": 10,
            "cloudinit_cdrom_storage": null,
            "cores": 1,
            "cpu": "kvm64",
            "default_ipv4_address": null,
            "define_connection_info": true,
            "desc": "Instance created from Terraform",
            "disk": [
              {
                "aio": "",
                "backup": true,
                "cache": "none",
                "discard": "on",
                "file": "vm-4009-disk-0",
                "format": "raw",
                "iops": 0,
                "iops_max": 0,
                "iops_max_length": 0,
                "iops_rd": 0,
                "iops_rd_max": 0,
                "iops_rd_max_length": 0,
                "iops_wr": 0,
                "iops_wr_max": 0,
                "iops_wr_max_length": 0,
                "iothread": 0,
                "mbps": 0,
                "mbps_rd": 0,
                "mbps_rd_max": 0,
                "mbps_wr": 0,
                "mbps_wr_max": 0,
                "media": "",
                "replicate": 0,
                "size": "5G",
                "slot": 0,
                "ssd": 0,
                "storage": "SHARED_STORAGE",
                "storage_type": "rbd",
                "type": "scsi",
                "volume": "SHARED_STORAGE:vm-4009-disk-0"
              }
            ],
            "disk_gb": null,
            "force_create": false,
            "force_recreate_on_change_of": null,
            "full_clone": true,
            "guest_agent_ready_timeout": 100,
            "hagroup": "",
            "hastate": "",
            "hostpci": [],
            "hotplug": "network,disk,usb",
            "id": "pve001-bog/qemu/4009",
            "ipconfig0": "ip=172.16.52.95/24,gw=172.16.52.1",
            "ipconfig1": "",
            "ipconfig10": "",
            "ipconfig11": "",
            "ipconfig12": "",
            "ipconfig13": "",
            "ipconfig14": "",
            "ipconfig15": "",
            "ipconfig2": "",
            "ipconfig3": "",
            "ipconfig4": "",
            "ipconfig5": "",
            "ipconfig6": "",
            "ipconfig7": "",
            "ipconfig8": "",
            "ipconfig9": "",
            "iso": null,
            "kvm": true,
            "mac": null,
            "machine": "",
            "memory": 2048,
            "name": "e1-dev-controller-11-4009",
            "nameserver": "",
            "network": [
              {
                "bridge": "vmbr1",
                "firewall": false,
                "link_down": false,
                "macaddr": "76:5A:7F:66:C7:03",
                "model": "virtio",
                "mtu": 0,
                "queues": 0,
                "rate": 0,
                "tag": -1
              },
              {
                "bridge": "vmbr900",
                "firewall": false,
                "link_down": false,
                "macaddr": "E2:64:79:A0:37:7D",
                "model": "virtio",
                "mtu": 0,
                "queues": 0,
                "rate": 0,
                "tag": 1605
              }
            ],
            "nic": null,
            "numa": false,
            "onboot": false,
            "oncreate": true,
            "os_network_config": null,
            "os_type": "cloud-init",
            "pool": "",
            "preprovision": true,
            "pxe": null,
            "qemu_os": "l26",
            "reboot_required": false,
            "scsihw": "virtio-scsi-pci",
            "searchdomain": "",
            "serial": [
              {
                "id": 1,
                "type": "socket"
              }
            ],
            "sockets": 1,
            "ssh_forward_ip": null,
            "ssh_host": null,
            "ssh_port": null,
            "ssh_private_key": null,
            "ssh_user": null,
            "sshkeys": "ssh-rsa AAAAB3NzaC1yc2EAAAADAQABAAABgQCoP95Ds+pwL+NWt750Ax1vh+cTLQKiF5i+G4z4F74WR2tGKAuE2s6d00z24GzS7/c9LV/6Sm5ujaI3+9FeiwkBbJz7hP//M2xcGUzFKZZzcCd0JwAK5ih6OMVVbiLH3TTqnHfqtQcoshUSZjHNXBq0Jj+jhStZ139bYsnzlW1RRe1Z851KIsoVd5J0bpIr2o4zpm9HCgB8S/j6aMw/v1Zump01xiPaDTTjKgHGRpFdoD/xLZF9Cjjv3JgBEIodCfBxuEdzo9FO8hrcgRm9jVEXIL/X7+3R36z09azK2IUfi6t4K4oGjNl8JFEa3rDYfb5O4f+OqD8cJMVSaBptcLSm/MCar/n3/xI4BFDx1tUluablTSzD07VzzVKbdvZRIsSY2PKqYE4ePqZDZa0jslJpyd94zyTvzqUH7vlBNxLSoam82Hh/E+LgQoRGsEJBEAkmjkOUE5yJE9zyuZ51LQpk/9/xc0z2HPQ8sLDiisSGrv0hg5p11/dRLxzQ2SQYNa8= e1deployer@localhost\n",
            "startup": "",
            "storage": null,
            "storage_type": null,
            "tablet": true,
            "tags": "",
            "target_node": "pve001-bog",
            "timeouts": null,
            "unused_disk": [],
            "usb": [],
            "vcpus": 0,
            "vga": [
              {
                "memory": 4,
                "type": "std"
              }
            ],
            "vlan": -1,
            "vmid": 4009
          },
          "sensitive_attributes": [],
          "private": "eyJlMmJmYjczMC1lY2FhLTExZTYtOGY4OC0zNDM2M2JjN2M0YzAiOnsiY3JlYXRlIjoxMjAwMDAwMDAwMDAwLCJkZWZhdWx0IjoxMjAwMDAwMDAwMDAwLCJkZWxldGUiOjEyMDAwMDAwMDAwMDAsInJlYWQiOjEyMDAwMDAwMDAwMDAsInVwZGF0ZSI6MTIwMDAwMDAwMDAwMH19",
          "create_before_destroy": true
        },
        {
          "index_key": "e1-dev-controller-12",
          "schema_version": 0,
          "attributes": {
            "additional_wait": 5,
            "agent": 1,
            "args": "",
            "automatic_reboot": true,
            "balloon": 0,
            "bios": "seabios",
            "boot": "cdn",
            "bootdisk": "scsi0",
            "bridge": null,
            "ci_wait": null,
            "cicustom": "",
            "cipassword": "",
            "ciuser": "e1deployer",
            "clone": "Ubuntu20",
            "clone_wait": 10,
            "cloudinit_cdrom_storage": null,
            "cores": 1,
            "cpu": "kvm64",
            "default_ipv4_address": null,
            "define_connection_info": true,
            "desc": "Instance created from Terraform",
            "disk": [
              {
                "aio": "",
                "backup": true,
                "cache": "none",
                "discard": "on",
                "file": "vm-4010-disk-0",
                "format": "raw",
                "iops": 0,
                "iops_max": 0,
                "iops_max_length": 0,
                "iops_rd": 0,
                "iops_rd_max": 0,
                "iops_rd_max_length": 0,
                "iops_wr": 0,
                "iops_wr_max": 0,
                "iops_wr_max_length": 0,
                "iothread": 0,
                "mbps": 0,
                "mbps_rd": 0,
                "mbps_rd_max": 0,
                "mbps_wr": 0,
                "mbps_wr_max": 0,
                "media": "",
                "replicate": 0,
                "size": "5G",
                "slot": 0,
                "ssd": 0,
                "storage": "SHARED_STORAGE",
                "storage_type": "rbd",
                "type": "scsi",
                "volume": "SHARED_STORAGE:vm-4010-disk-0"
              }
            ],
            "disk_gb": null,
            "force_create": false,
            "force_recreate_on_change_of": null,
            "full_clone": true,
            "guest_agent_ready_timeout": 100,
            "hagroup": "",
            "hastate": "",
            "hostpci": [],
            "hotplug": "network,disk,usb",
            "id": "pve001-bog/qemu/4010",
            "ipconfig0": "ip=172.16.52.96/24,gw=172.16.52.1",
            "ipconfig1": "",
            "ipconfig10": "",
            "ipconfig11": "",
            "ipconfig12": "",
            "ipconfig13": "",
            "ipconfig14": "",
            "ipconfig15": "",
            "ipconfig2": "",
            "ipconfig3": "",
            "ipconfig4": "",
            "ipconfig5": "",
            "ipconfig6": "",
            "ipconfig7": "",
            "ipconfig8": "",
            "ipconfig9": "",
            "iso": null,
            "kvm": true,
            "mac": null,
            "machine": "",
            "memory": 2048,
            "name": "e1-dev-controller-12-4010",
            "nameserver": "",
            "network": [
              {
                "bridge": "vmbr1",
                "firewall": false,
                "link_down": false,
                "macaddr": "0E:3B:23:66:04:62",
                "model": "virtio",
                "mtu": 0,
                "queues": 0,
                "rate": 0,
                "tag": -1
              },
              {
                "bridge": "vmbr900",
                "firewall": false,
                "link_down": false,
                "macaddr": "4E:44:F1:36:C3:8A",
                "model": "virtio",
                "mtu": 0,
                "queues": 0,
                "rate": 0,
                "tag": 1605
              }
            ],
            "nic": null,
            "numa": false,
            "onboot": false,
            "oncreate": true,
            "os_network_config": null,
            "os_type": "cloud-init",
            "pool": "",
            "preprovision": true,
            "pxe": null,
            "qemu_os": "l26",
            "reboot_required": false,
            "scsihw": "virtio-scsi-pci",
            "searchdomain": "",
            "serial": [
              {
                "id": 1,
                "type": "socket"
              }
            ],
            "sockets": 1,
            "ssh_forward_ip": null,
            "ssh_host": null,
            "ssh_port": null,
            "ssh_private_key": null,
            "ssh_user": null,
            "sshkeys": "ssh-rsa AAAAB3NzaC1yc2EAAAADAQABAAABgQCoP95Ds+pwL+NWt750Ax1vh+cTLQKiF5i+G4z4F74WR2tGKAuE2s6d00z24GzS7/c9LV/6Sm5ujaI3+9FeiwkBbJz7hP//M2xcGUzFKZZzcCd0JwAK5ih6OMVVbiLH3TTqnHfqtQcoshUSZjHNXBq0Jj+jhStZ139bYsnzlW1RRe1Z851KIsoVd5J0bpIr2o4zpm9HCgB8S/j6aMw/v1Zump01xiPaDTTjKgHGRpFdoD/xLZF9Cjjv3JgBEIodCfBxuEdzo9FO8hrcgRm9jVEXIL/X7+3R36z09azK2IUfi6t4K4oGjNl8JFEa3rDYfb5O4f+OqD8cJMVSaBptcLSm/MCar/n3/xI4BFDx1tUluablTSzD07VzzVKbdvZRIsSY2PKqYE4ePqZDZa0jslJpyd94zyTvzqUH7vlBNxLSoam82Hh/E+LgQoRGsEJBEAkmjkOUE5yJE9zyuZ51LQpk/9/xc0z2HPQ8sLDiisSGrv0hg5p11/dRLxzQ2SQYNa8= e1deployer@localhost\n",
            "startup": "",
            "storage": null,
            "storage_type": null,
            "tablet": true,
            "tags": "",
            "target_node": "pve001-bog",
            "timeouts": null,
            "unused_disk": [],
            "usb": [],
            "vcpus": 0,
            "vga": [
              {
                "memory": 4,
                "type": "std"
              }
            ],
            "vlan": -1,
            "vmid": 4010
          },
          "sensitive_attributes": [],
          "private": "eyJlMmJmYjczMC1lY2FhLTExZTYtOGY4OC0zNDM2M2JjN2M0YzAiOnsiY3JlYXRlIjoxMjAwMDAwMDAwMDAwLCJkZWZhdWx0IjoxMjAwMDAwMDAwMDAwLCJkZWxldGUiOjEyMDAwMDAwMDAwMDAsInJlYWQiOjEyMDAwMDAwMDAwMDAsInVwZGF0ZSI6MTIwMDAwMDAwMDAwMH19",
          "create_before_destroy": true
        },
        {
          "index_key": "e1-dev-controller-13",
          "schema_version": 0,
          "attributes": {
            "additional_wait": 5,
            "agent": 1,
            "args": "",
            "automatic_reboot": true,
            "balloon": 0,
            "bios": "seabios",
            "boot": "cdn",
            "bootdisk": "scsi0",
            "bridge": null,
            "ci_wait": null,
            "cicustom": "",
            "cipassword": "",
            "ciuser": "e1deployer",
            "clone": "Ubuntu20",
            "clone_wait": 10,
            "cloudinit_cdrom_storage": null,
            "cores": 1,
            "cpu": "kvm64",
            "default_ipv4_address": null,
            "define_connection_info": true,
            "desc": "Instance created from Terraform",
            "disk": [
              {
                "aio": "",
                "backup": true,
                "cache": "none",
                "discard": "on",
                "file": "vm-4011-disk-0",
                "format": "raw",
                "iops": 0,
                "iops_max": 0,
                "iops_max_length": 0,
                "iops_rd": 0,
                "iops_rd_max": 0,
                "iops_rd_max_length": 0,
                "iops_wr": 0,
                "iops_wr_max": 0,
                "iops_wr_max_length": 0,
                "iothread": 0,
                "mbps": 0,
                "mbps_rd": 0,
                "mbps_rd_max": 0,
                "mbps_wr": 0,
                "mbps_wr_max": 0,
                "media": "",
                "replicate": 0,
                "size": "5G",
                "slot": 0,
                "ssd": 0,
                "storage": "SHARED_STORAGE",
                "storage_type": "rbd",
                "type": "scsi",
                "volume": "SHARED_STORAGE:vm-4011-disk-0"
              }
            ],
            "disk_gb": null,
            "force_create": false,
            "force_recreate_on_change_of": null,
            "full_clone": true,
            "guest_agent_ready_timeout": 100,
            "hagroup": "",
            "hastate": "",
            "hostpci": [],
            "hotplug": "network,disk,usb",
            "id": "pve001-bog/qemu/4011",
            "ipconfig0": "ip=172.16.52.97/24,gw=172.16.52.1",
            "ipconfig1": "",
            "ipconfig10": "",
            "ipconfig11": "",
            "ipconfig12": "",
            "ipconfig13": "",
            "ipconfig14": "",
            "ipconfig15": "",
            "ipconfig2": "",
            "ipconfig3": "",
            "ipconfig4": "",
            "ipconfig5": "",
            "ipconfig6": "",
            "ipconfig7": "",
            "ipconfig8": "",
            "ipconfig9": "",
            "iso": null,
            "kvm": true,
            "mac": null,
            "machine": "",
            "memory": 2048,
            "name": "e1-dev-controller-13-4011",
            "nameserver": "",
            "network": [
              {
                "bridge": "vmbr1",
                "firewall": false,
                "link_down": false,
                "macaddr": "BA:C8:B0:8F:4A:28",
                "model": "virtio",
                "mtu": 0,
                "queues": 0,
                "rate": 0,
                "tag": -1
              },
              {
                "bridge": "vmbr900",
                "firewall": false,
                "link_down": false,
                "macaddr": "7E:DA:DC:1E:25:17",
                "model": "virtio",
                "mtu": 0,
                "queues": 0,
                "rate": 0,
                "tag": 1605
              }
            ],
            "nic": null,
            "numa": false,
            "onboot": false,
            "oncreate": true,
            "os_network_config": null,
            "os_type": "cloud-init",
            "pool": "",
            "preprovision": true,
            "pxe": null,
            "qemu_os": "l26",
            "reboot_required": false,
            "scsihw": "virtio-scsi-pci",
            "searchdomain": "",
            "serial": [
              {
                "id": 1,
                "type": "socket"
              }
            ],
            "sockets": 1,
            "ssh_forward_ip": null,
            "ssh_host": null,
            "ssh_port": null,
            "ssh_private_key": null,
            "ssh_user": null,
            "sshkeys": "ssh-rsa AAAAB3NzaC1yc2EAAAADAQABAAABgQCoP95Ds+pwL+NWt750Ax1vh+cTLQKiF5i+G4z4F74WR2tGKAuE2s6d00z24GzS7/c9LV/6Sm5ujaI3+9FeiwkBbJz7hP//M2xcGUzFKZZzcCd0JwAK5ih6OMVVbiLH3TTqnHfqtQcoshUSZjHNXBq0Jj+jhStZ139bYsnzlW1RRe1Z851KIsoVd5J0bpIr2o4zpm9HCgB8S/j6aMw/v1Zump01xiPaDTTjKgHGRpFdoD/xLZF9Cjjv3JgBEIodCfBxuEdzo9FO8hrcgRm9jVEXIL/X7+3R36z09azK2IUfi6t4K4oGjNl8JFEa3rDYfb5O4f+OqD8cJMVSaBptcLSm/MCar/n3/xI4BFDx1tUluablTSzD07VzzVKbdvZRIsSY2PKqYE4ePqZDZa0jslJpyd94zyTvzqUH7vlBNxLSoam82Hh/E+LgQoRGsEJBEAkmjkOUE5yJE9zyuZ51LQpk/9/xc0z2HPQ8sLDiisSGrv0hg5p11/dRLxzQ2SQYNa8= e1deployer@localhost\n",
            "startup": "",
            "storage": null,
            "storage_type": null,
            "tablet": true,
            "tags": "",
            "target_node": "pve001-bog",
            "timeouts": null,
            "unused_disk": [],
            "usb": [],
            "vcpus": 0,
            "vga": [
              {
                "memory": 4,
                "type": "std"
              }
            ],
            "vlan": -1,
            "vmid": 4011
          },
          "sensitive_attributes": [],
          "private": "eyJlMmJmYjczMC1lY2FhLTExZTYtOGY4OC0zNDM2M2JjN2M0YzAiOnsiY3JlYXRlIjoxMjAwMDAwMDAwMDAwLCJkZWZhdWx0IjoxMjAwMDAwMDAwMDAwLCJkZWxldGUiOjEyMDAwMDAwMDAwMDAsInJlYWQiOjEyMDAwMDAwMDAwMDAsInVwZGF0ZSI6MTIwMDAwMDAwMDAwMH19",
          "create_before_destroy": true
        }
      ]
    },
    {
      "mode": "managed",
      "type": "proxmox_vm_qemu",
      "name": "firewall",
      "provider": "provider[\"registry.terraform.io/telmate/proxmox\"]",
      "instances": [
        {
          "index_key": "e1-dev-firewall-11",
          "schema_version": 0,
          "attributes": {
            "additional_wait": 5,
            "agent": 1,
            "args": "",
            "automatic_reboot": true,
            "balloon": 0,
            "bios": "seabios",
            "boot": "cdn",
            "bootdisk": "scsi0",
            "bridge": null,
            "ci_wait": null,
            "cicustom": "",
            "cipassword": "",
            "ciuser": "e1deployer",
            "clone": "VyOS14",
            "clone_wait": 10,
            "cloudinit_cdrom_storage": null,
            "cores": 2,
            "cpu": "kvm64",
            "default_ipv4_address": null,
            "define_connection_info": true,
            "desc": "Instance created from Terraform",
            "disk": [
              {
                "aio": "",
                "backup": true,
                "cache": "none",
                "discard": "on",
                "file": "vm-4000-disk-0",
                "format": "raw",
                "iops": 0,
                "iops_max": 0,
                "iops_max_length": 0,
                "iops_rd": 0,
                "iops_rd_max": 0,
                "iops_rd_max_length": 0,
                "iops_wr": 0,
                "iops_wr_max": 0,
                "iops_wr_max_length": 0,
                "iothread": 0,
                "mbps": 0,
                "mbps_rd": 0,
                "mbps_rd_max": 0,
                "mbps_wr": 0,
                "mbps_wr_max": 0,
                "media": "",
                "replicate": 0,
                "size": "10G",
                "slot": 0,
                "ssd": 0,
                "storage": "SHARED_STORAGE",
                "storage_type": "rbd",
                "type": "scsi",
                "volume": "SHARED_STORAGE:vm-4000-disk-0"
              }
            ],
            "disk_gb": null,
            "force_create": false,
            "force_recreate_on_change_of": null,
            "full_clone": true,
            "guest_agent_ready_timeout": 100,
            "hagroup": "",
            "hastate": "",
            "hostpci": [],
            "hotplug": "network,disk,usb",
            "id": "pve001-bog/qemu/4000",
            "ipconfig0": "ip=172.16.52.84/24,gw=172.16.52.1",
            "ipconfig1": "",
            "ipconfig10": "",
            "ipconfig11": "",
            "ipconfig12": "",
            "ipconfig13": "",
            "ipconfig14": "",
            "ipconfig15": "",
            "ipconfig2": "",
            "ipconfig3": "",
            "ipconfig4": "",
            "ipconfig5": "",
            "ipconfig6": "",
            "ipconfig7": "",
            "ipconfig8": "",
            "ipconfig9": "",
            "iso": null,
            "kvm": true,
            "mac": null,
            "machine": "",
            "memory": 2048,
            "name": "e1-dev-firewall-11-4000",
            "nameserver": "",
            "network": [
              {
                "bridge": "vmbr1",
                "firewall": false,
                "link_down": false,
                "macaddr": "1A:51:72:A2:ED:F0",
                "model": "virtio",
                "mtu": 0,
                "queues": 0,
                "rate": 0,
                "tag": -1
              },
              {
                "bridge": "vmbr2",
                "firewall": false,
                "link_down": false,
                "macaddr": "2E:AF:DA:F5:AC:2A",
                "model": "virtio",
                "mtu": 0,
                "queues": 0,
                "rate": 0,
                "tag": -1
              },
              {
                "bridge": "vmbr900",
                "firewall": false,
                "link_down": false,
                "macaddr": "EA:CA:88:31:A3:B8",
                "model": "virtio",
                "mtu": 0,
                "queues": 0,
                "rate": 0,
                "tag": 1600
              },
              {
                "bridge": "vmbr900",
                "firewall": false,
                "link_down": false,
                "macaddr": "AA:51:7C:0F:3B:3F",
                "model": "virtio",
                "mtu": 0,
                "queues": 0,
                "rate": 0,
                "tag": 1601
              },
              {
                "bridge": "vmbr900",
                "firewall": false,
                "link_down": false,
                "macaddr": "6A:00:71:67:2E:35",
                "model": "virtio",
                "mtu": 0,
                "queues": 0,
                "rate": 0,
                "tag": -1
              }
            ],
            "nic": null,
            "numa": false,
            "onboot": false,
            "oncreate": true,
            "os_network_config": null,
            "os_type": "cloud-init",
            "pool": "",
            "preprovision": true,
            "pxe": null,
            "qemu_os": "l26",
            "reboot_required": false,
            "scsihw": "virtio-scsi-pci",
            "searchdomain": "",
            "serial": [
              {
                "id": 1,
                "type": "socket"
              }
            ],
            "sockets": 1,
            "ssh_forward_ip": null,
            "ssh_host": null,
            "ssh_port": null,
            "ssh_private_key": null,
            "ssh_user": null,
            "sshkeys": "ssh-rsa AAAAB3NzaC1yc2EAAAADAQABAAABgQCoP95Ds+pwL+NWt750Ax1vh+cTLQKiF5i+G4z4F74WR2tGKAuE2s6d00z24GzS7/c9LV/6Sm5ujaI3+9FeiwkBbJz7hP//M2xcGUzFKZZzcCd0JwAK5ih6OMVVbiLH3TTqnHfqtQcoshUSZjHNXBq0Jj+jhStZ139bYsnzlW1RRe1Z851KIsoVd5J0bpIr2o4zpm9HCgB8S/j6aMw/v1Zump01xiPaDTTjKgHGRpFdoD/xLZF9Cjjv3JgBEIodCfBxuEdzo9FO8hrcgRm9jVEXIL/X7+3R36z09azK2IUfi6t4K4oGjNl8JFEa3rDYfb5O4f+OqD8cJMVSaBptcLSm/MCar/n3/xI4BFDx1tUluablTSzD07VzzVKbdvZRIsSY2PKqYE4ePqZDZa0jslJpyd94zyTvzqUH7vlBNxLSoam82Hh/E+LgQoRGsEJBEAkmjkOUE5yJE9zyuZ51LQpk/9/xc0z2HPQ8sLDiisSGrv0hg5p11/dRLxzQ2SQYNa8= e1deployer@localhost\n",
            "startup": "",
            "storage": null,
            "storage_type": null,
            "tablet": true,
            "tags": "",
            "target_node": "pve001-bog",
            "timeouts": null,
            "unused_disk": [],
            "usb": [],
            "vcpus": 0,
            "vga": [
              {
                "memory": 4,
                "type": "std"
              }
            ],
            "vlan": -1,
            "vmid": 4000
          },
          "sensitive_attributes": [],
          "private": "eyJlMmJmYjczMC1lY2FhLTExZTYtOGY4OC0zNDM2M2JjN2M0YzAiOnsiY3JlYXRlIjoxMjAwMDAwMDAwMDAwLCJkZWZhdWx0IjoxMjAwMDAwMDAwMDAwLCJkZWxldGUiOjEyMDAwMDAwMDAwMDAsInJlYWQiOjEyMDAwMDAwMDAwMDAsInVwZGF0ZSI6MTIwMDAwMDAwMDAwMH19",
          "create_before_destroy": true
        }
      ]
    },
    {
      "mode": "managed",
      "type": "proxmox_vm_qemu",
      "name": "proxy",
      "provider": "provider[\"registry.terraform.io/telmate/proxmox\"]",
      "instances": [
        {
          "index_key": "e1-dev-proxy-11",
          "schema_version": 0,
          "attributes": {
            "additional_wait": 5,
            "agent": 1,
            "args": "",
            "automatic_reboot": true,
            "balloon": 0,
            "bios": "seabios",
            "boot": "cdn",
            "bootdisk": "scsi0",
            "bridge": null,
            "ci_wait": null,
            "cicustom": "",
            "cipassword": "",
            "ciuser": "e1deployer",
            "clone": "Ubuntu20",
            "clone_wait": 10,
            "cloudinit_cdrom_storage": null,
            "cores": 2,
            "cpu": "kvm64",
            "default_ipv4_address": null,
            "define_connection_info": true,
            "desc": "Instance created from Terraform",
            "disk": [
              {
                "aio": "",
                "backup": true,
                "cache": "none",
                "discard": "on",
                "file": "vm-4002-disk-0",
                "format": "raw",
                "iops": 0,
                "iops_max": 0,
                "iops_max_length": 0,
                "iops_rd": 0,
                "iops_rd_max": 0,
                "iops_rd_max_length": 0,
                "iops_wr": 0,
                "iops_wr_max": 0,
                "iops_wr_max_length": 0,
                "iothread": 0,
                "mbps": 0,
                "mbps_rd": 0,
                "mbps_rd_max": 0,
                "mbps_wr": 0,
                "mbps_wr_max": 0,
                "media": "",
                "replicate": 0,
                "size": "10G",
                "slot": 0,
                "ssd": 0,
                "storage": "SHARED_STORAGE",
                "storage_type": "rbd",
                "type": "scsi",
                "volume": "SHARED_STORAGE:vm-4002-disk-0"
              }
            ],
            "disk_gb": null,
            "force_create": false,
            "force_recreate_on_change_of": null,
            "full_clone": true,
            "guest_agent_ready_timeout": 100,
            "hagroup": "",
            "hastate": "",
            "hostpci": [],
            "hotplug": "network,disk,usb",
            "id": "pve001-bog/qemu/4002",
            "ipconfig0": "ip=172.16.52.87/24,gw=172.16.52.1",
            "ipconfig1": "",
            "ipconfig10": "",
            "ipconfig11": "",
            "ipconfig12": "",
            "ipconfig13": "",
            "ipconfig14": "",
            "ipconfig15": "",
            "ipconfig2": "",
            "ipconfig3": "",
            "ipconfig4": "",
            "ipconfig5": "",
            "ipconfig6": "",
            "ipconfig7": "",
            "ipconfig8": "",
            "ipconfig9": "",
            "iso": null,
            "kvm": true,
            "mac": null,
            "machine": "",
            "memory": 2048,
            "name": "e1-dev-proxy-11-4002",
            "nameserver": "",
            "network": [
              {
                "bridge": "vmbr1",
                "firewall": false,
                "link_down": false,
                "macaddr": "BE:2D:86:18:59:74",
                "model": "virtio",
                "mtu": 0,
                "queues": 0,
                "rate": 0,
                "tag": -1
              },
              {
                "bridge": "vmbr900",
                "firewall": false,
                "link_down": false,
                "macaddr": "16:7A:1C:0B:2C:07",
                "model": "virtio",
                "mtu": 0,
                "queues": 0,
                "rate": 0,
                "tag": 1600
              },
              {
                "bridge": "vmbr900",
                "firewall": false,
                "link_down": false,
                "macaddr": "66:19:1A:2D:7F:EE",
                "model": "virtio",
                "mtu": 0,
                "queues": 0,
                "rate": 0,
                "tag": 1601
              }
            ],
            "nic": null,
            "numa": false,
            "onboot": false,
            "oncreate": true,
            "os_network_config": null,
            "os_type": "cloud-init",
            "pool": "",
            "preprovision": true,
            "pxe": null,
            "qemu_os": "l26",
            "reboot_required": false,
            "scsihw": "virtio-scsi-pci",
            "searchdomain": "",
            "serial": [
              {
                "id": 1,
                "type": "socket"
              }
            ],
            "sockets": 1,
            "ssh_forward_ip": null,
            "ssh_host": null,
            "ssh_port": null,
            "ssh_private_key": null,
            "ssh_user": null,
            "sshkeys": "ssh-rsa AAAAB3NzaC1yc2EAAAADAQABAAABgQCoP95Ds+pwL+NWt750Ax1vh+cTLQKiF5i+G4z4F74WR2tGKAuE2s6d00z24GzS7/c9LV/6Sm5ujaI3+9FeiwkBbJz7hP//M2xcGUzFKZZzcCd0JwAK5ih6OMVVbiLH3TTqnHfqtQcoshUSZjHNXBq0Jj+jhStZ139bYsnzlW1RRe1Z851KIsoVd5J0bpIr2o4zpm9HCgB8S/j6aMw/v1Zump01xiPaDTTjKgHGRpFdoD/xLZF9Cjjv3JgBEIodCfBxuEdzo9FO8hrcgRm9jVEXIL/X7+3R36z09azK2IUfi6t4K4oGjNl8JFEa3rDYfb5O4f+OqD8cJMVSaBptcLSm/MCar/n3/xI4BFDx1tUluablTSzD07VzzVKbdvZRIsSY2PKqYE4ePqZDZa0jslJpyd94zyTvzqUH7vlBNxLSoam82Hh/E+LgQoRGsEJBEAkmjkOUE5yJE9zyuZ51LQpk/9/xc0z2HPQ8sLDiisSGrv0hg5p11/dRLxzQ2SQYNa8= e1deployer@localhost\n",
            "startup": "",
            "storage": null,
            "storage_type": null,
            "tablet": true,
            "tags": "",
            "target_node": "pve001-bog",
            "timeouts": null,
            "unused_disk": [],
            "usb": [],
            "vcpus": 0,
            "vga": [
              {
                "memory": 4,
                "type": "std"
              }
            ],
            "vlan": -1,
            "vmid": 4002
          },
          "sensitive_attributes": [],
          "private": "eyJlMmJmYjczMC1lY2FhLTExZTYtOGY4OC0zNDM2M2JjN2M0YzAiOnsiY3JlYXRlIjoxMjAwMDAwMDAwMDAwLCJkZWZhdWx0IjoxMjAwMDAwMDAwMDAwLCJkZWxldGUiOjEyMDAwMDAwMDAwMDAsInJlYWQiOjEyMDAwMDAwMDAwMDAsInVwZGF0ZSI6MTIwMDAwMDAwMDAwMH19",
          "create_before_destroy": true
        }
      ]
    },
    {
      "mode": "managed",
      "type": "proxmox_vm_qemu",
      "name": "worker",
      "provider": "provider[\"registry.terraform.io/telmate/proxmox\"]",
      "instances": [
        {
          "index_key": "e1-dev-worker-11",
          "schema_version": 0,
          "attributes": {
            "additional_wait": 5,
            "agent": 1,
            "args": "",
            "automatic_reboot": true,
            "balloon": 0,
            "bios": "seabios",
            "boot": "cdn",
            "bootdisk": "scsi0",
            "bridge": null,
            "ci_wait": null,
            "cicustom": "",
            "cipassword": "",
            "ciuser": "e1deployer",
            "clone": "Ubuntu20",
            "clone_wait": 10,
            "cloudinit_cdrom_storage": null,
            "cores": 4,
            "cpu": "kvm64",
            "default_ipv4_address": null,
            "define_connection_info": true,
            "desc": "Instance created from Terraform",
            "disk": [
              {
                "aio": "",
                "backup": true,
                "cache": "none",
                "discard": "on",
                "file": "vm-4004-disk-0",
                "format": "raw",
                "iops": 0,
                "iops_max": 0,
                "iops_max_length": 0,
                "iops_rd": 0,
                "iops_rd_max": 0,
                "iops_rd_max_length": 0,
                "iops_wr": 0,
                "iops_wr_max": 0,
                "iops_wr_max_length": 0,
                "iothread": 0,
                "mbps": 0,
                "mbps_rd": 0,
                "mbps_rd_max": 0,
                "mbps_wr": 0,
                "mbps_wr_max": 0,
                "media": "",
                "replicate": 0,
                "size": "40G",
                "slot": 0,
                "ssd": 0,
                "storage": "SHARED_STORAGE",
                "storage_type": "rbd",
                "type": "scsi",
                "volume": "SHARED_STORAGE:vm-4004-disk-0"
              }
            ],
            "disk_gb": null,
            "force_create": false,
            "force_recreate_on_change_of": null,
            "full_clone": true,
            "guest_agent_ready_timeout": 100,
            "hagroup": "",
            "hastate": "",
            "hostpci": [],
            "hotplug": "network,disk,usb",
            "id": "pve001-bog/qemu/4004",
            "ipconfig0": "ip=172.16.52.90/24,gw=172.16.52.1",
            "ipconfig1": "",
            "ipconfig10": "",
            "ipconfig11": "",
            "ipconfig12": "",
            "ipconfig13": "",
            "ipconfig14": "",
            "ipconfig15": "",
            "ipconfig2": "",
            "ipconfig3": "",
            "ipconfig4": "",
            "ipconfig5": "",
            "ipconfig6": "",
            "ipconfig7": "",
            "ipconfig8": "",
            "ipconfig9": "",
            "iso": null,
            "kvm": true,
            "mac": null,
            "machine": "",
            "memory": 10240,
            "name": "e1-dev-worker-11-4004",
            "nameserver": "",
            "network": [
              {
                "bridge": "vmbr1",
                "firewall": false,
                "link_down": false,
                "macaddr": "22:7C:C9:AA:73:83",
                "model": "virtio",
                "mtu": 0,
                "queues": 0,
                "rate": 0,
                "tag": -1
              },
              {
                "bridge": "vmbr900",
                "firewall": false,
                "link_down": false,
                "macaddr": "4E:53:D5:D3:3C:92",
                "model": "virtio",
                "mtu": 0,
                "queues": 0,
                "rate": 0,
                "tag": 1605
              }
            ],
            "nic": null,
            "numa": false,
            "onboot": false,
            "oncreate": true,
            "os_network_config": null,
            "os_type": "cloud-init",
            "pool": "",
            "preprovision": true,
            "pxe": null,
            "qemu_os": "l26",
            "reboot_required": false,
            "scsihw": "virtio-scsi-pci",
            "searchdomain": "",
            "serial": [
              {
                "id": 1,
                "type": "socket"
              }
            ],
            "sockets": 1,
            "ssh_forward_ip": null,
            "ssh_host": null,
            "ssh_port": null,
            "ssh_private_key": null,
            "ssh_user": null,
            "sshkeys": "ssh-rsa AAAAB3NzaC1yc2EAAAADAQABAAABgQCoP95Ds+pwL+NWt750Ax1vh+cTLQKiF5i+G4z4F74WR2tGKAuE2s6d00z24GzS7/c9LV/6Sm5ujaI3+9FeiwkBbJz7hP//M2xcGUzFKZZzcCd0JwAK5ih6OMVVbiLH3TTqnHfqtQcoshUSZjHNXBq0Jj+jhStZ139bYsnzlW1RRe1Z851KIsoVd5J0bpIr2o4zpm9HCgB8S/j6aMw/v1Zump01xiPaDTTjKgHGRpFdoD/xLZF9Cjjv3JgBEIodCfBxuEdzo9FO8hrcgRm9jVEXIL/X7+3R36z09azK2IUfi6t4K4oGjNl8JFEa3rDYfb5O4f+OqD8cJMVSaBptcLSm/MCar/n3/xI4BFDx1tUluablTSzD07VzzVKbdvZRIsSY2PKqYE4ePqZDZa0jslJpyd94zyTvzqUH7vlBNxLSoam82Hh/E+LgQoRGsEJBEAkmjkOUE5yJE9zyuZ51LQpk/9/xc0z2HPQ8sLDiisSGrv0hg5p11/dRLxzQ2SQYNa8= e1deployer@localhost\n",
            "startup": "",
            "storage": null,
            "storage_type": null,
            "tablet": true,
            "tags": "",
            "target_node": "pve001-bog",
            "timeouts": null,
            "unused_disk": [],
            "usb": [],
            "vcpus": 0,
            "vga": [
              {
                "memory": 4,
                "type": "std"
              }
            ],
            "vlan": -1,
            "vmid": 4004
          },
          "sensitive_attributes": [],
          "private": "eyJlMmJmYjczMC1lY2FhLTExZTYtOGY4OC0zNDM2M2JjN2M0YzAiOnsiY3JlYXRlIjoxMjAwMDAwMDAwMDAwLCJkZWZhdWx0IjoxMjAwMDAwMDAwMDAwLCJkZWxldGUiOjEyMDAwMDAwMDAwMDAsInJlYWQiOjEyMDAwMDAwMDAwMDAsInVwZGF0ZSI6MTIwMDAwMDAwMDAwMH19",
          "create_before_destroy": true
        },
        {
          "index_key": "e1-dev-worker-12",
          "schema_version": 0,
          "attributes": {
            "additional_wait": 5,
            "agent": 1,
            "args": "",
            "automatic_reboot": true,
            "balloon": 0,
            "bios": "seabios",
            "boot": "cdn",
            "bootdisk": "scsi0",
            "bridge": null,
            "ci_wait": null,
            "cicustom": "",
            "cipassword": "",
            "ciuser": "e1deployer",
            "clone": "Ubuntu20",
            "clone_wait": 10,
            "cloudinit_cdrom_storage": null,
            "cores": 4,
            "cpu": "kvm64",
            "default_ipv4_address": "172.16.52.91",
            "define_connection_info": true,
            "desc": "Instance created from Terraform",
            "disk": [
              {
                "aio": "",
                "backup": true,
                "cache": "none",
                "discard": "on",
                "file": "vm-4005-disk-0",
                "format": "raw",
                "iops": 0,
                "iops_max": 0,
                "iops_max_length": 0,
                "iops_rd": 0,
                "iops_rd_max": 0,
                "iops_rd_max_length": 0,
                "iops_wr": 0,
                "iops_wr_max": 0,
                "iops_wr_max_length": 0,
                "iothread": 0,
                "mbps": 0,
                "mbps_rd": 0,
                "mbps_rd_max": 0,
                "mbps_wr": 0,
                "mbps_wr_max": 0,
                "media": "",
                "replicate": 0,
                "size": "40G",
                "slot": 0,
                "ssd": 0,
                "storage": "SHARED_STORAGE",
                "storage_type": "rbd",
                "type": "scsi",
                "volume": "SHARED_STORAGE:vm-4005-disk-0"
              }
            ],
            "disk_gb": null,
            "force_create": false,
            "force_recreate_on_change_of": null,
            "full_clone": true,
            "guest_agent_ready_timeout": 100,
            "hagroup": "",
            "hastate": "",
            "hostpci": [],
            "hotplug": "network,disk,usb",
            "id": "pve001-bog/qemu/4005",
            "ipconfig0": "ip=172.16.52.91/24,gw=172.16.52.1",
            "ipconfig1": "",
            "ipconfig10": "",
            "ipconfig11": "",
            "ipconfig12": "",
            "ipconfig13": "",
            "ipconfig14": "",
            "ipconfig15": "",
            "ipconfig2": "",
            "ipconfig3": "",
            "ipconfig4": "",
            "ipconfig5": "",
            "ipconfig6": "",
            "ipconfig7": "",
            "ipconfig8": "",
            "ipconfig9": "",
            "iso": null,
            "kvm": true,
            "mac": null,
            "machine": "",
            "memory": 10240,
            "name": "e1-dev-worker-12-4005",
            "nameserver": "",
            "network": [
              {
                "bridge": "vmbr1",
                "firewall": false,
                "link_down": false,
                "macaddr": "1A:1B:E1:97:D3:AC",
                "model": "virtio",
                "mtu": 0,
                "queues": 0,
                "rate": 0,
                "tag": -1
              },
              {
                "bridge": "vmbr900",
                "firewall": false,
                "link_down": false,
                "macaddr": "0A:47:BC:62:C0:73",
                "model": "virtio",
                "mtu": 0,
                "queues": 0,
                "rate": 0,
                "tag": 1605
              }
            ],
            "nic": null,
            "numa": false,
            "onboot": false,
            "oncreate": true,
            "os_network_config": null,
            "os_type": "cloud-init",
            "pool": "",
            "preprovision": true,
            "pxe": null,
            "qemu_os": "l26",
            "reboot_required": false,
            "scsihw": "virtio-scsi-pci",
            "searchdomain": "",
            "serial": [
              {
                "id": 1,
                "type": "socket"
              }
            ],
            "sockets": 1,
            "ssh_forward_ip": null,
            "ssh_host": "172.16.52.91",
            "ssh_port": "22",
            "ssh_private_key": null,
            "ssh_user": null,
            "sshkeys": "ssh-rsa AAAAB3NzaC1yc2EAAAADAQABAAABgQCoP95Ds+pwL+NWt750Ax1vh+cTLQKiF5i+G4z4F74WR2tGKAuE2s6d00z24GzS7/c9LV/6Sm5ujaI3+9FeiwkBbJz7hP//M2xcGUzFKZZzcCd0JwAK5ih6OMVVbiLH3TTqnHfqtQcoshUSZjHNXBq0Jj+jhStZ139bYsnzlW1RRe1Z851KIsoVd5J0bpIr2o4zpm9HCgB8S/j6aMw/v1Zump01xiPaDTTjKgHGRpFdoD/xLZF9Cjjv3JgBEIodCfBxuEdzo9FO8hrcgRm9jVEXIL/X7+3R36z09azK2IUfi6t4K4oGjNl8JFEa3rDYfb5O4f+OqD8cJMVSaBptcLSm/MCar/n3/xI4BFDx1tUluablTSzD07VzzVKbdvZRIsSY2PKqYE4ePqZDZa0jslJpyd94zyTvzqUH7vlBNxLSoam82Hh/E+LgQoRGsEJBEAkmjkOUE5yJE9zyuZ51LQpk/9/xc0z2HPQ8sLDiisSGrv0hg5p11/dRLxzQ2SQYNa8= e1deployer@localhost\n\n",
            "startup": "",
            "storage": null,
            "storage_type": null,
            "tablet": true,
            "tags": "",
            "target_node": "pve001-bog",
            "timeouts": null,
            "unused_disk": [],
            "usb": [],
            "vcpus": 0,
            "vga": [
              {
                "memory": 4,
                "type": "std"
              }
            ],
            "vlan": -1,
            "vmid": 4005
          },
          "sensitive_attributes": [],
          "private": "eyJlMmJmYjczMC1lY2FhLTExZTYtOGY4OC0zNDM2M2JjN2M0YzAiOnsiY3JlYXRlIjoxMjAwMDAwMDAwMDAwLCJkZWZhdWx0IjoxMjAwMDAwMDAwMDAwLCJkZWxldGUiOjEyMDAwMDAwMDAwMDAsInJlYWQiOjEyMDAwMDAwMDAwMDAsInVwZGF0ZSI6MTIwMDAwMDAwMDAwMH19",
          "create_before_destroy": true
        },
        {
          "index_key": "e1-dev-worker-13",
          "schema_version": 0,
          "attributes": {
            "additional_wait": 5,
            "agent": 1,
            "args": "",
            "automatic_reboot": true,
            "balloon": 0,
            "bios": "seabios",
            "boot": "cdn",
            "bootdisk": "scsi0",
            "bridge": null,
            "ci_wait": null,
            "cicustom": "",
            "cipassword": "",
            "ciuser": "e1deployer",
            "clone": "Ubuntu20",
            "clone_wait": 10,
            "cloudinit_cdrom_storage": null,
            "cores": 4,
            "cpu": "kvm64",
            "default_ipv4_address": "172.16.52.92",
            "define_connection_info": true,
            "desc": "Instance created from Terraform",
            "disk": [
              {
                "aio": "",
                "backup": true,
                "cache": "none",
                "discard": "on",
                "file": "vm-4006-disk-0",
                "format": "raw",
                "iops": 0,
                "iops_max": 0,
                "iops_max_length": 0,
                "iops_rd": 0,
                "iops_rd_max": 0,
                "iops_rd_max_length": 0,
                "iops_wr": 0,
                "iops_wr_max": 0,
                "iops_wr_max_length": 0,
                "iothread": 0,
                "mbps": 0,
                "mbps_rd": 0,
                "mbps_rd_max": 0,
                "mbps_wr": 0,
                "mbps_wr_max": 0,
                "media": "",
                "replicate": 0,
                "size": "40G",
                "slot": 0,
                "ssd": 0,
                "storage": "SHARED_STORAGE",
                "storage_type": "rbd",
                "type": "scsi",
                "volume": "SHARED_STORAGE:vm-4006-disk-0"
              }
            ],
            "disk_gb": null,
            "force_create": false,
            "force_recreate_on_change_of": null,
            "full_clone": true,
            "guest_agent_ready_timeout": 100,
            "hagroup": "",
            "hastate": "",
            "hostpci": [],
            "hotplug": "network,disk,usb",
            "id": "pve001-bog/qemu/4006",
            "ipconfig0": "ip=172.16.52.92/24,gw=172.16.52.1",
            "ipconfig1": "",
            "ipconfig10": "",
            "ipconfig11": "",
            "ipconfig12": "",
            "ipconfig13": "",
            "ipconfig14": "",
            "ipconfig15": "",
            "ipconfig2": "",
            "ipconfig3": "",
            "ipconfig4": "",
            "ipconfig5": "",
            "ipconfig6": "",
            "ipconfig7": "",
            "ipconfig8": "",
            "ipconfig9": "",
            "iso": null,
            "kvm": true,
            "mac": null,
            "machine": "",
            "memory": 10240,
            "name": "e1-dev-worker-13-4006",
            "nameserver": "",
            "network": [
              {
                "bridge": "vmbr1",
                "firewall": false,
                "link_down": false,
                "macaddr": "C2:6A:D6:40:F2:0D",
                "model": "virtio",
                "mtu": 0,
                "queues": 0,
                "rate": 0,
                "tag": -1
              },
              {
                "bridge": "vmbr900",
                "firewall": false,
                "link_down": false,
                "macaddr": "5E:23:6A:EA:3B:A0",
                "model": "virtio",
                "mtu": 0,
                "queues": 0,
                "rate": 0,
                "tag": 1605
              }
            ],
            "nic": null,
            "numa": false,
            "onboot": false,
            "oncreate": true,
            "os_network_config": null,
            "os_type": "cloud-init",
            "pool": "",
            "preprovision": true,
            "pxe": null,
            "qemu_os": "l26",
            "reboot_required": false,
            "scsihw": "virtio-scsi-pci",
            "searchdomain": "",
            "serial": [
              {
                "id": 1,
                "type": "socket"
              }
            ],
            "sockets": 1,
            "ssh_forward_ip": null,
            "ssh_host": "172.16.52.92",
            "ssh_port": "22",
            "ssh_private_key": null,
            "ssh_user": null,
            "sshkeys": "ssh-rsa AAAAB3NzaC1yc2EAAAADAQABAAABgQCoP95Ds+pwL+NWt750Ax1vh+cTLQKiF5i+G4z4F74WR2tGKAuE2s6d00z24GzS7/c9LV/6Sm5ujaI3+9FeiwkBbJz7hP//M2xcGUzFKZZzcCd0JwAK5ih6OMVVbiLH3TTqnHfqtQcoshUSZjHNXBq0Jj+jhStZ139bYsnzlW1RRe1Z851KIsoVd5J0bpIr2o4zpm9HCgB8S/j6aMw/v1Zump01xiPaDTTjKgHGRpFdoD/xLZF9Cjjv3JgBEIodCfBxuEdzo9FO8hrcgRm9jVEXIL/X7+3R36z09azK2IUfi6t4K4oGjNl8JFEa3rDYfb5O4f+OqD8cJMVSaBptcLSm/MCar/n3/xI4BFDx1tUluablTSzD07VzzVKbdvZRIsSY2PKqYE4ePqZDZa0jslJpyd94zyTvzqUH7vlBNxLSoam82Hh/E+LgQoRGsEJBEAkmjkOUE5yJE9zyuZ51LQpk/9/xc0z2HPQ8sLDiisSGrv0hg5p11/dRLxzQ2SQYNa8= e1deployer@localhost\n\n",
            "startup": "",
            "storage": null,
            "storage_type": null,
            "tablet": true,
            "tags": "",
            "target_node": "pve001-bog",
            "timeouts": null,
            "unused_disk": [],
            "usb": [],
            "vcpus": 0,
            "vga": [
              {
                "memory": 4,
                "type": "std"
              }
            ],
            "vlan": -1,
            "vmid": 4006
          },
          "sensitive_attributes": [],
          "private": "eyJlMmJmYjczMC1lY2FhLTExZTYtOGY4OC0zNDM2M2JjN2M0YzAiOnsiY3JlYXRlIjoxMjAwMDAwMDAwMDAwLCJkZWZhdWx0IjoxMjAwMDAwMDAwMDAwLCJkZWxldGUiOjEyMDAwMDAwMDAwMDAsInJlYWQiOjEyMDAwMDAwMDAwMDAsInVwZGF0ZSI6MTIwMDAwMDAwMDAwMH19",
          "create_before_destroy": true
        }
      ]
    }
  ],
  "check_results": null
}
