{
  "version": 4,
  "terraform_version": "1.6.1",
  "serial": 67,
  "lineage": "1cccfe2e-d87e-a4d1-7169-13a50eb73343",
  "outputs": {},
  "resources": [
    {
      "mode": "managed",
      "type": "proxmox_vm_qemu",
      "name": "controller",
      "provider": "provider[\"registry.terraform.io/telmate/proxmox\"]",
      "instances": [
        {
          "index_key": "e1-gru1-dev-control-11",
          "schema_version": 0,
          "attributes": {
            "additional_wait": 5,
            "agent": 1,
            "args": "",
            "automatic_reboot": true,
            "balloon": 0,
            "bios": "seabios",
            "boot": "cdn",
            "bootdisk": "scsi0",
            "bridge": null,
            "ci_wait": null,
            "cicustom": "",
            "cipassword": "",
            "ciuser": "e1deployer",
            "clone": "Ubuntu20",
            "clone_wait": 10,
            "cloudinit_cdrom_storage": null,
            "cores": 1,
            "cpu": "kvm64",
            "default_ipv4_address": null,
            "define_connection_info": true,
            "desc": "Instance created from Terraform",
            "disk": [
              {
                "aio": "",
                "backup": true,
                "cache": "none",
                "discard": "on",
                "file": "vm-4004-disk-0",
                "format": "raw",
                "iops": 0,
                "iops_max": 0,
                "iops_max_length": 0,
                "iops_rd": 0,
                "iops_rd_max": 0,
                "iops_rd_max_length": 0,
                "iops_wr": 0,
                "iops_wr_max": 0,
                "iops_wr_max_length": 0,
                "iothread": 0,
                "mbps": 0,
                "mbps_rd": 0,
                "mbps_rd_max": 0,
                "mbps_wr": 0,
                "mbps_wr_max": 0,
                "media": "",
                "replicate": 0,
                "size": "5G",
                "slot": 0,
                "ssd": 0,
                "storage": "SHARED_STORAGE",
                "storage_type": "rbd",
                "type": "scsi",
                "volume": "SHARED_STORAGE:vm-4004-disk-0"
              }
            ],
            "disk_gb": null,
            "force_create": false,
            "force_recreate_on_change_of": null,
            "full_clone": true,
            "guest_agent_ready_timeout": 100,
            "hagroup": "",
            "hastate": "",
            "hostpci": [],
            "hotplug": "network,disk,usb",
            "id": "pve006-gru1/qemu/4004",
            "ipconfig0": "ip=172.23.52.90/24,gw=172.23.52.1",
            "ipconfig1": "",
            "ipconfig10": "",
            "ipconfig11": "",
            "ipconfig12": "",
            "ipconfig13": "",
            "ipconfig14": "",
            "ipconfig15": "",
            "ipconfig2": "",
            "ipconfig3": "",
            "ipconfig4": "",
            "ipconfig5": "",
            "ipconfig6": "",
            "ipconfig7": "",
            "ipconfig8": "",
            "ipconfig9": "",
            "iso": null,
            "kvm": true,
            "mac": null,
            "machine": "",
            "memory": 2048,
            "name": "e1-gru1-dev-control-11-4004",
            "nameserver": "",
            "network": [
              {
                "bridge": "vmbr502",
                "firewall": false,
                "link_down": false,
                "macaddr": "56:F9:BB:2B:96:08",
                "model": "virtio",
                "mtu": 0,
                "queues": 0,
                "rate": 0,
                "tag": -1
              },
              {
                "bridge": "vmbr900",
                "firewall": false,
                "link_down": false,
                "macaddr": "CA:5D:A1:F6:91:9F",
                "model": "virtio",
                "mtu": 0,
                "queues": 0,
                "rate": 0,
                "tag": 1605
              }
            ],
            "nic": null,
            "numa": false,
            "onboot": false,
            "oncreate": true,
            "os_network_config": null,
            "os_type": "cloud-init",
            "pool": "",
            "preprovision": true,
            "pxe": null,
            "qemu_os": "l26",
            "reboot_required": false,
            "scsihw": "virtio-scsi-pci",
            "searchdomain": "",
            "serial": [
              {
                "id": 1,
                "type": "socket"
              }
            ],
            "sockets": 1,
            "ssh_forward_ip": null,
            "ssh_host": null,
            "ssh_port": null,
            "ssh_private_key": null,
            "ssh_user": null,
            "sshkeys": "ssh-rsa AAAAB3NzaC1yc2EAAAADAQABAAABgQCoP95Ds+pwL+NWt750Ax1vh+cTLQKiF5i+G4z4F74WR2tGKAuE2s6d00z24GzS7/c9LV/6Sm5ujaI3+9FeiwkBbJz7hP//M2xcGUzFKZZzcCd0JwAK5ih6OMVVbiLH3TTqnHfqtQcoshUSZjHNXBq0Jj+jhStZ139bYsnzlW1RRe1Z851KIsoVd5J0bpIr2o4zpm9HCgB8S/j6aMw/v1Zump01xiPaDTTjKgHGRpFdoD/xLZF9Cjjv3JgBEIodCfBxuEdzo9FO8hrcgRm9jVEXIL/X7+3R36z09azK2IUfi6t4K4oGjNl8JFEa3rDYfb5O4f+OqD8cJMVSaBptcLSm/MCar/n3/xI4BFDx1tUluablTSzD07VzzVKbdvZRIsSY2PKqYE4ePqZDZa0jslJpyd94zyTvzqUH7vlBNxLSoam82Hh/E+LgQoRGsEJBEAkmjkOUE5yJE9zyuZ51LQpk/9/xc0z2HPQ8sLDiisSGrv0hg5p11/dRLxzQ2SQYNa8= e1deployer@localhost\n",
            "startup": "",
            "storage": null,
            "storage_type": null,
            "tablet": true,
            "tags": "",
            "target_node": "pve006-gru1",
            "timeouts": null,
            "unused_disk": [],
            "usb": [],
            "vcpus": 0,
            "vga": [
              {
                "memory": 4,
                "type": "std"
              }
            ],
            "vlan": -1,
            "vmid": 4004
          },
          "sensitive_attributes": [],
          "private": "eyJlMmJmYjczMC1lY2FhLTExZTYtOGY4OC0zNDM2M2JjN2M0YzAiOnsiY3JlYXRlIjoxMjAwMDAwMDAwMDAwLCJkZWZhdWx0IjoxMjAwMDAwMDAwMDAwLCJkZWxldGUiOjEyMDAwMDAwMDAwMDAsInJlYWQiOjEyMDAwMDAwMDAwMDAsInVwZGF0ZSI6MTIwMDAwMDAwMDAwMH19",
          "create_before_destroy": true
        },
        {
          "index_key": "e1-gru1-dev-control-12",
          "schema_version": 0,
          "attributes": {
            "additional_wait": 5,
            "agent": 1,
            "args": "",
            "automatic_reboot": true,
            "balloon": 0,
            "bios": "seabios",
            "boot": "cdn",
            "bootdisk": "scsi0",
            "bridge": null,
            "ci_wait": null,
            "cicustom": "",
            "cipassword": "",
            "ciuser": "e1deployer",
            "clone": "Ubuntu20",
            "clone_wait": 10,
            "cloudinit_cdrom_storage": null,
            "cores": 1,
            "cpu": "kvm64",
            "default_ipv4_address": null,
            "define_connection_info": true,
            "desc": "Instance created from Terraform",
            "disk": [
              {
                "aio": "",
                "backup": true,
                "cache": "none",
                "discard": "on",
                "file": "vm-4005-disk-0",
                "format": "raw",
                "iops": 0,
                "iops_max": 0,
                "iops_max_length": 0,
                "iops_rd": 0,
                "iops_rd_max": 0,
                "iops_rd_max_length": 0,
                "iops_wr": 0,
                "iops_wr_max": 0,
                "iops_wr_max_length": 0,
                "iothread": 0,
                "mbps": 0,
                "mbps_rd": 0,
                "mbps_rd_max": 0,
                "mbps_wr": 0,
                "mbps_wr_max": 0,
                "media": "",
                "replicate": 0,
                "size": "5G",
                "slot": 0,
                "ssd": 0,
                "storage": "SHARED_STORAGE",
                "storage_type": "rbd",
                "type": "scsi",
                "volume": "SHARED_STORAGE:vm-4005-disk-0"
              }
            ],
            "disk_gb": null,
            "force_create": false,
            "force_recreate_on_change_of": null,
            "full_clone": true,
            "guest_agent_ready_timeout": 100,
            "hagroup": "",
            "hastate": "",
            "hostpci": [],
            "hotplug": "network,disk,usb",
            "id": "pve006-gru1/qemu/4005",
            "ipconfig0": "ip=172.23.52.91/24,gw=172.23.52.1",
            "ipconfig1": "",
            "ipconfig10": "",
            "ipconfig11": "",
            "ipconfig12": "",
            "ipconfig13": "",
            "ipconfig14": "",
            "ipconfig15": "",
            "ipconfig2": "",
            "ipconfig3": "",
            "ipconfig4": "",
            "ipconfig5": "",
            "ipconfig6": "",
            "ipconfig7": "",
            "ipconfig8": "",
            "ipconfig9": "",
            "iso": null,
            "kvm": true,
            "mac": null,
            "machine": "",
            "memory": 2048,
            "name": "e1-gru1-dev-control-12-4005",
            "nameserver": "",
            "network": [
              {
                "bridge": "vmbr502",
                "firewall": false,
                "link_down": false,
                "macaddr": "3E:C2:BC:9F:E2:8B",
                "model": "virtio",
                "mtu": 0,
                "queues": 0,
                "rate": 0,
                "tag": -1
              },
              {
                "bridge": "vmbr900",
                "firewall": false,
                "link_down": false,
                "macaddr": "CE:3B:02:31:85:5C",
                "model": "virtio",
                "mtu": 0,
                "queues": 0,
                "rate": 0,
                "tag": 1605
              }
            ],
            "nic": null,
            "numa": false,
            "onboot": false,
            "oncreate": true,
            "os_network_config": null,
            "os_type": "cloud-init",
            "pool": "",
            "preprovision": true,
            "pxe": null,
            "qemu_os": "l26",
            "reboot_required": false,
            "scsihw": "virtio-scsi-pci",
            "searchdomain": "",
            "serial": [
              {
                "id": 1,
                "type": "socket"
              }
            ],
            "sockets": 1,
            "ssh_forward_ip": null,
            "ssh_host": null,
            "ssh_port": null,
            "ssh_private_key": null,
            "ssh_user": null,
            "sshkeys": "ssh-rsa AAAAB3NzaC1yc2EAAAADAQABAAABgQCoP95Ds+pwL+NWt750Ax1vh+cTLQKiF5i+G4z4F74WR2tGKAuE2s6d00z24GzS7/c9LV/6Sm5ujaI3+9FeiwkBbJz7hP//M2xcGUzFKZZzcCd0JwAK5ih6OMVVbiLH3TTqnHfqtQcoshUSZjHNXBq0Jj+jhStZ139bYsnzlW1RRe1Z851KIsoVd5J0bpIr2o4zpm9HCgB8S/j6aMw/v1Zump01xiPaDTTjKgHGRpFdoD/xLZF9Cjjv3JgBEIodCfBxuEdzo9FO8hrcgRm9jVEXIL/X7+3R36z09azK2IUfi6t4K4oGjNl8JFEa3rDYfb5O4f+OqD8cJMVSaBptcLSm/MCar/n3/xI4BFDx1tUluablTSzD07VzzVKbdvZRIsSY2PKqYE4ePqZDZa0jslJpyd94zyTvzqUH7vlBNxLSoam82Hh/E+LgQoRGsEJBEAkmjkOUE5yJE9zyuZ51LQpk/9/xc0z2HPQ8sLDiisSGrv0hg5p11/dRLxzQ2SQYNa8= e1deployer@localhost\n",
            "startup": "",
            "storage": null,
            "storage_type": null,
            "tablet": true,
            "tags": "",
            "target_node": "pve006-gru1",
            "timeouts": null,
            "unused_disk": [],
            "usb": [],
            "vcpus": 0,
            "vga": [
              {
                "memory": 4,
                "type": "std"
              }
            ],
            "vlan": -1,
            "vmid": 4005
          },
          "sensitive_attributes": [],
          "private": "eyJlMmJmYjczMC1lY2FhLTExZTYtOGY4OC0zNDM2M2JjN2M0YzAiOnsiY3JlYXRlIjoxMjAwMDAwMDAwMDAwLCJkZWZhdWx0IjoxMjAwMDAwMDAwMDAwLCJkZWxldGUiOjEyMDAwMDAwMDAwMDAsInJlYWQiOjEyMDAwMDAwMDAwMDAsInVwZGF0ZSI6MTIwMDAwMDAwMDAwMH19",
          "create_before_destroy": true
        },
        {
          "index_key": "e1-gru1-dev-control-13",
          "schema_version": 0,
          "attributes": {
            "additional_wait": 5,
            "agent": 1,
            "args": "",
            "automatic_reboot": true,
            "balloon": 0,
            "bios": "seabios",
            "boot": "cdn",
            "bootdisk": "scsi0",
            "bridge": null,
            "ci_wait": null,
            "cicustom": "",
            "cipassword": "",
            "ciuser": "e1deployer",
            "clone": "Ubuntu20",
            "clone_wait": 10,
            "cloudinit_cdrom_storage": null,
            "cores": 1,
            "cpu": "kvm64",
            "default_ipv4_address": null,
            "define_connection_info": true,
            "desc": "Instance created from Terraform",
            "disk": [
              {
                "aio": "",
                "backup": true,
                "cache": "none",
                "discard": "on",
                "file": "vm-4006-disk-0",
                "format": "raw",
                "iops": 0,
                "iops_max": 0,
                "iops_max_length": 0,
                "iops_rd": 0,
                "iops_rd_max": 0,
                "iops_rd_max_length": 0,
                "iops_wr": 0,
                "iops_wr_max": 0,
                "iops_wr_max_length": 0,
                "iothread": 0,
                "mbps": 0,
                "mbps_rd": 0,
                "mbps_rd_max": 0,
                "mbps_wr": 0,
                "mbps_wr_max": 0,
                "media": "",
                "replicate": 0,
                "size": "5G",
                "slot": 0,
                "ssd": 0,
                "storage": "SHARED_STORAGE",
                "storage_type": "rbd",
                "type": "scsi",
                "volume": "SHARED_STORAGE:vm-4006-disk-0"
              }
            ],
            "disk_gb": null,
            "force_create": false,
            "force_recreate_on_change_of": null,
            "full_clone": true,
            "guest_agent_ready_timeout": 100,
            "hagroup": "",
            "hastate": "",
            "hostpci": [],
            "hotplug": "network,disk,usb",
            "id": "pve006-gru1/qemu/4006",
            "ipconfig0": "ip=172.23.52.92/24,gw=172.23.52.1",
            "ipconfig1": "",
            "ipconfig10": "",
            "ipconfig11": "",
            "ipconfig12": "",
            "ipconfig13": "",
            "ipconfig14": "",
            "ipconfig15": "",
            "ipconfig2": "",
            "ipconfig3": "",
            "ipconfig4": "",
            "ipconfig5": "",
            "ipconfig6": "",
            "ipconfig7": "",
            "ipconfig8": "",
            "ipconfig9": "",
            "iso": null,
            "kvm": true,
            "mac": null,
            "machine": "",
            "memory": 2048,
            "name": "e1-gru1-dev-control-13-4006",
            "nameserver": "",
            "network": [
              {
                "bridge": "vmbr502",
                "firewall": false,
                "link_down": false,
                "macaddr": "CE:0B:1E:B3:D5:6C",
                "model": "virtio",
                "mtu": 0,
                "queues": 0,
                "rate": 0,
                "tag": -1
              },
              {
                "bridge": "vmbr900",
                "firewall": false,
                "link_down": false,
                "macaddr": "86:94:BC:43:28:FA",
                "model": "virtio",
                "mtu": 0,
                "queues": 0,
                "rate": 0,
                "tag": 1605
              }
            ],
            "nic": null,
            "numa": false,
            "onboot": false,
            "oncreate": true,
            "os_network_config": null,
            "os_type": "cloud-init",
            "pool": "",
            "preprovision": true,
            "pxe": null,
            "qemu_os": "l26",
            "reboot_required": false,
            "scsihw": "virtio-scsi-pci",
            "searchdomain": "",
            "serial": [
              {
                "id": 1,
                "type": "socket"
              }
            ],
            "sockets": 1,
            "ssh_forward_ip": null,
            "ssh_host": null,
            "ssh_port": null,
            "ssh_private_key": null,
            "ssh_user": null,
            "sshkeys": "ssh-rsa AAAAB3NzaC1yc2EAAAADAQABAAABgQCoP95Ds+pwL+NWt750Ax1vh+cTLQKiF5i+G4z4F74WR2tGKAuE2s6d00z24GzS7/c9LV/6Sm5ujaI3+9FeiwkBbJz7hP//M2xcGUzFKZZzcCd0JwAK5ih6OMVVbiLH3TTqnHfqtQcoshUSZjHNXBq0Jj+jhStZ139bYsnzlW1RRe1Z851KIsoVd5J0bpIr2o4zpm9HCgB8S/j6aMw/v1Zump01xiPaDTTjKgHGRpFdoD/xLZF9Cjjv3JgBEIodCfBxuEdzo9FO8hrcgRm9jVEXIL/X7+3R36z09azK2IUfi6t4K4oGjNl8JFEa3rDYfb5O4f+OqD8cJMVSaBptcLSm/MCar/n3/xI4BFDx1tUluablTSzD07VzzVKbdvZRIsSY2PKqYE4ePqZDZa0jslJpyd94zyTvzqUH7vlBNxLSoam82Hh/E+LgQoRGsEJBEAkmjkOUE5yJE9zyuZ51LQpk/9/xc0z2HPQ8sLDiisSGrv0hg5p11/dRLxzQ2SQYNa8= e1deployer@localhost\n",
            "startup": "",
            "storage": null,
            "storage_type": null,
            "tablet": true,
            "tags": "",
            "target_node": "pve006-gru1",
            "timeouts": null,
            "unused_disk": [],
            "usb": [],
            "vcpus": 0,
            "vga": [
              {
                "memory": 4,
                "type": "std"
              }
            ],
            "vlan": -1,
            "vmid": 4006
          },
          "sensitive_attributes": [],
          "private": "eyJlMmJmYjczMC1lY2FhLTExZTYtOGY4OC0zNDM2M2JjN2M0YzAiOnsiY3JlYXRlIjoxMjAwMDAwMDAwMDAwLCJkZWZhdWx0IjoxMjAwMDAwMDAwMDAwLCJkZWxldGUiOjEyMDAwMDAwMDAwMDAsInJlYWQiOjEyMDAwMDAwMDAwMDAsInVwZGF0ZSI6MTIwMDAwMDAwMDAwMH19",
          "create_before_destroy": true
        }
      ]
    },
    {
      "mode": "managed",
      "type": "proxmox_vm_qemu",
      "name": "firewall",
      "provider": "provider[\"registry.terraform.io/telmate/proxmox\"]",
      "instances": [
        {
          "index_key": "e1-gru1-dev-firewall-11",
          "schema_version": 0,
          "attributes": {
            "additional_wait": 5,
            "agent": 1,
            "args": "",
            "automatic_reboot": true,
            "balloon": 0,
            "bios": "seabios",
            "boot": "cdn",
            "bootdisk": "scsi0",
            "bridge": null,
            "ci_wait": null,
            "cicustom": "",
            "cipassword": "",
            "ciuser": "e1deployer",
            "clone": "VyOS14",
            "clone_wait": 10,
            "cloudinit_cdrom_storage": null,
            "cores": 2,
            "cpu": "kvm64",
            "default_ipv4_address": null,
            "define_connection_info": true,
            "desc": "Instance created from Terraform",
            "disk": [
              {
                "aio": "",
                "backup": true,
                "cache": "none",
                "discard": "on",
                "file": "vm-4000-disk-0",
                "format": "raw",
                "iops": 0,
                "iops_max": 0,
                "iops_max_length": 0,
                "iops_rd": 0,
                "iops_rd_max": 0,
                "iops_rd_max_length": 0,
                "iops_wr": 0,
                "iops_wr_max": 0,
                "iops_wr_max_length": 0,
                "iothread": 0,
                "mbps": 0,
                "mbps_rd": 0,
                "mbps_rd_max": 0,
                "mbps_wr": 0,
                "mbps_wr_max": 0,
                "media": "",
                "replicate": 0,
                "size": "10G",
                "slot": 0,
                "ssd": 0,
                "storage": "SHARED_STORAGE",
                "storage_type": "rbd",
                "type": "scsi",
                "volume": "SHARED_STORAGE:vm-4000-disk-0"
              }
            ],
            "disk_gb": null,
            "force_create": false,
            "force_recreate_on_change_of": null,
            "full_clone": true,
            "guest_agent_ready_timeout": 100,
            "hagroup": "",
            "hastate": "",
            "hostpci": [],
            "hotplug": "network,disk,usb",
            "id": "pve006-gru1/qemu/4000",
            "ipconfig0": "ip=172.23.52.84/24,gw=172.23.52.1",
            "ipconfig1": "",
            "ipconfig10": "",
            "ipconfig11": "",
            "ipconfig12": "",
            "ipconfig13": "",
            "ipconfig14": "",
            "ipconfig15": "",
            "ipconfig2": "",
            "ipconfig3": "",
            "ipconfig4": "",
            "ipconfig5": "",
            "ipconfig6": "",
            "ipconfig7": "",
            "ipconfig8": "",
            "ipconfig9": "",
            "iso": null,
            "kvm": true,
            "mac": null,
            "machine": "",
            "memory": 2048,
            "name": "e1-gru1-dev-firewall-11-4000",
            "nameserver": "",
            "network": [
              {
                "bridge": "vmbr502",
                "firewall": false,
                "link_down": false,
                "macaddr": "EA:65:75:C1:4A:1F",
                "model": "virtio",
                "mtu": 0,
                "queues": 0,
                "rate": 0,
                "tag": -1
              },
              {
                "bridge": "vmbr602",
                "firewall": false,
                "link_down": false,
                "macaddr": "AE:D2:5A:32:CD:DC",
                "model": "virtio",
                "mtu": 0,
                "queues": 0,
                "rate": 0,
                "tag": -1
              },
              {
                "bridge": "vmbr900",
                "firewall": false,
                "link_down": false,
                "macaddr": "A6:41:6A:F6:0D:9E",
                "model": "virtio",
                "mtu": 0,
                "queues": 0,
                "rate": 0,
                "tag": 1600
              },
              {
                "bridge": "vmbr900",
                "firewall": false,
                "link_down": false,
                "macaddr": "42:80:04:B4:0D:E4",
                "model": "virtio",
                "mtu": 0,
                "queues": 0,
                "rate": 0,
                "tag": 1601
              },
              {
                "bridge": "vmbr900",
                "firewall": false,
                "link_down": false,
                "macaddr": "1E:0E:0B:BD:17:17",
                "model": "virtio",
                "mtu": 0,
                "queues": 0,
                "rate": 0,
                "tag": -1
              }
            ],
            "nic": null,
            "numa": false,
            "onboot": false,
            "oncreate": true,
            "os_network_config": null,
            "os_type": "cloud-init",
            "pool": "",
            "preprovision": true,
            "pxe": null,
            "qemu_os": "l26",
            "reboot_required": false,
            "scsihw": "virtio-scsi-pci",
            "searchdomain": "",
            "serial": [
              {
                "id": 1,
                "type": "socket"
              }
            ],
            "sockets": 1,
            "ssh_forward_ip": null,
            "ssh_host": null,
            "ssh_port": null,
            "ssh_private_key": null,
            "ssh_user": null,
            "sshkeys": "ssh-rsa AAAAB3NzaC1yc2EAAAADAQABAAABgQCoP95Ds+pwL+NWt750Ax1vh+cTLQKiF5i+G4z4F74WR2tGKAuE2s6d00z24GzS7/c9LV/6Sm5ujaI3+9FeiwkBbJz7hP//M2xcGUzFKZZzcCd0JwAK5ih6OMVVbiLH3TTqnHfqtQcoshUSZjHNXBq0Jj+jhStZ139bYsnzlW1RRe1Z851KIsoVd5J0bpIr2o4zpm9HCgB8S/j6aMw/v1Zump01xiPaDTTjKgHGRpFdoD/xLZF9Cjjv3JgBEIodCfBxuEdzo9FO8hrcgRm9jVEXIL/X7+3R36z09azK2IUfi6t4K4oGjNl8JFEa3rDYfb5O4f+OqD8cJMVSaBptcLSm/MCar/n3/xI4BFDx1tUluablTSzD07VzzVKbdvZRIsSY2PKqYE4ePqZDZa0jslJpyd94zyTvzqUH7vlBNxLSoam82Hh/E+LgQoRGsEJBEAkmjkOUE5yJE9zyuZ51LQpk/9/xc0z2HPQ8sLDiisSGrv0hg5p11/dRLxzQ2SQYNa8= e1deployer@localhost\n",
            "startup": "",
            "storage": null,
            "storage_type": null,
            "tablet": true,
            "tags": "",
            "target_node": "pve006-gru1",
            "timeouts": null,
            "unused_disk": [],
            "usb": [],
            "vcpus": 0,
            "vga": [
              {
                "memory": 4,
                "type": "std"
              }
            ],
            "vlan": -1,
            "vmid": 4000
          },
          "sensitive_attributes": [],
          "private": "eyJlMmJmYjczMC1lY2FhLTExZTYtOGY4OC0zNDM2M2JjN2M0YzAiOnsiY3JlYXRlIjoxMjAwMDAwMDAwMDAwLCJkZWZhdWx0IjoxMjAwMDAwMDAwMDAwLCJkZWxldGUiOjEyMDAwMDAwMDAwMDAsInJlYWQiOjEyMDAwMDAwMDAwMDAsInVwZGF0ZSI6MTIwMDAwMDAwMDAwMH19",
          "create_before_destroy": true
        }
      ]
    },
    {
      "mode": "managed",
      "type": "proxmox_vm_qemu",
      "name": "proxy",
      "provider": "provider[\"registry.terraform.io/telmate/proxmox\"]",
      "instances": [
        {
          "index_key": "e1-gru1-dev-proxy-11",
          "schema_version": 0,
          "attributes": {
            "additional_wait": 5,
            "agent": 1,
            "args": "",
            "automatic_reboot": true,
            "balloon": 0,
            "bios": "seabios",
            "boot": "cdn",
            "bootdisk": "scsi0",
            "bridge": null,
            "ci_wait": null,
            "cicustom": "",
            "cipassword": "",
            "ciuser": "e1deployer",
            "clone": "Ubuntu20",
            "clone_wait": 10,
            "cloudinit_cdrom_storage": null,
            "cores": 2,
            "cpu": "kvm64",
            "default_ipv4_address": null,
            "define_connection_info": true,
            "desc": "Instance created from Terraform",
            "disk": [
              {
                "aio": "",
                "backup": true,
                "cache": "none",
                "discard": "on",
                "file": "vm-4002-disk-0",
                "format": "raw",
                "iops": 0,
                "iops_max": 0,
                "iops_max_length": 0,
                "iops_rd": 0,
                "iops_rd_max": 0,
                "iops_rd_max_length": 0,
                "iops_wr": 0,
                "iops_wr_max": 0,
                "iops_wr_max_length": 0,
                "iothread": 0,
                "mbps": 0,
                "mbps_rd": 0,
                "mbps_rd_max": 0,
                "mbps_wr": 0,
                "mbps_wr_max": 0,
                "media": "",
                "replicate": 0,
                "size": "10G",
                "slot": 0,
                "ssd": 0,
                "storage": "SHARED_STORAGE",
                "storage_type": "rbd",
                "type": "scsi",
                "volume": "SHARED_STORAGE:vm-4002-disk-0"
              }
            ],
            "disk_gb": null,
            "force_create": false,
            "force_recreate_on_change_of": null,
            "full_clone": true,
            "guest_agent_ready_timeout": 100,
            "hagroup": "",
            "hastate": "",
            "hostpci": [],
            "hotplug": "network,disk,usb",
            "id": "pve006-gru1/qemu/4002",
            "ipconfig0": "ip=172.23.52.87/24,gw=172.23.52.1",
            "ipconfig1": "",
            "ipconfig10": "",
            "ipconfig11": "",
            "ipconfig12": "",
            "ipconfig13": "",
            "ipconfig14": "",
            "ipconfig15": "",
            "ipconfig2": "",
            "ipconfig3": "",
            "ipconfig4": "",
            "ipconfig5": "",
            "ipconfig6": "",
            "ipconfig7": "",
            "ipconfig8": "",
            "ipconfig9": "",
            "iso": null,
            "kvm": true,
            "mac": null,
            "machine": "",
            "memory": 2048,
            "name": "e1-gru1-dev-proxy-11-4002",
            "nameserver": "",
            "network": [
              {
                "bridge": "vmbr502",
                "firewall": false,
                "link_down": false,
                "macaddr": "46:F3:63:40:A1:4A",
                "model": "virtio",
                "mtu": 0,
                "queues": 0,
                "rate": 0,
                "tag": -1
              },
              {
                "bridge": "vmbr900",
                "firewall": false,
                "link_down": false,
                "macaddr": "E2:BD:5F:4D:10:0F",
                "model": "virtio",
                "mtu": 0,
                "queues": 0,
                "rate": 0,
                "tag": 1600
              },
              {
                "bridge": "vmbr900",
                "firewall": false,
                "link_down": false,
                "macaddr": "02:8F:A2:08:7F:9A",
                "model": "virtio",
                "mtu": 0,
                "queues": 0,
                "rate": 0,
                "tag": 1601
              }
            ],
            "nic": null,
            "numa": false,
            "onboot": false,
            "oncreate": true,
            "os_network_config": null,
            "os_type": "cloud-init",
            "pool": "",
            "preprovision": true,
            "pxe": null,
            "qemu_os": "l26",
            "reboot_required": false,
            "scsihw": "virtio-scsi-pci",
            "searchdomain": "",
            "serial": [
              {
                "id": 1,
                "type": "socket"
              }
            ],
            "sockets": 1,
            "ssh_forward_ip": null,
            "ssh_host": null,
            "ssh_port": null,
            "ssh_private_key": null,
            "ssh_user": null,
            "sshkeys": "ssh-rsa AAAAB3NzaC1yc2EAAAADAQABAAABgQCoP95Ds+pwL+NWt750Ax1vh+cTLQKiF5i+G4z4F74WR2tGKAuE2s6d00z24GzS7/c9LV/6Sm5ujaI3+9FeiwkBbJz7hP//M2xcGUzFKZZzcCd0JwAK5ih6OMVVbiLH3TTqnHfqtQcoshUSZjHNXBq0Jj+jhStZ139bYsnzlW1RRe1Z851KIsoVd5J0bpIr2o4zpm9HCgB8S/j6aMw/v1Zump01xiPaDTTjKgHGRpFdoD/xLZF9Cjjv3JgBEIodCfBxuEdzo9FO8hrcgRm9jVEXIL/X7+3R36z09azK2IUfi6t4K4oGjNl8JFEa3rDYfb5O4f+OqD8cJMVSaBptcLSm/MCar/n3/xI4BFDx1tUluablTSzD07VzzVKbdvZRIsSY2PKqYE4ePqZDZa0jslJpyd94zyTvzqUH7vlBNxLSoam82Hh/E+LgQoRGsEJBEAkmjkOUE5yJE9zyuZ51LQpk/9/xc0z2HPQ8sLDiisSGrv0hg5p11/dRLxzQ2SQYNa8= e1deployer@localhost\n",
            "startup": "",
            "storage": null,
            "storage_type": null,
            "tablet": true,
            "tags": "",
            "target_node": "pve006-gru1",
            "timeouts": null,
            "unused_disk": [],
            "usb": [],
            "vcpus": 0,
            "vga": [
              {
                "memory": 4,
                "type": "std"
              }
            ],
            "vlan": -1,
            "vmid": 4002
          },
          "sensitive_attributes": [],
          "private": "eyJlMmJmYjczMC1lY2FhLTExZTYtOGY4OC0zNDM2M2JjN2M0YzAiOnsiY3JlYXRlIjoxMjAwMDAwMDAwMDAwLCJkZWZhdWx0IjoxMjAwMDAwMDAwMDAwLCJkZWxldGUiOjEyMDAwMDAwMDAwMDAsInJlYWQiOjEyMDAwMDAwMDAwMDAsInVwZGF0ZSI6MTIwMDAwMDAwMDAwMH19",
          "create_before_destroy": true
        },
        {
          "index_key": "e1-gru1-dev-proxy-12",
          "schema_version": 0,
          "attributes": {
            "additional_wait": 5,
            "agent": 1,
            "args": "",
            "automatic_reboot": true,
            "balloon": 0,
            "bios": "seabios",
            "boot": "cdn",
            "bootdisk": "scsi0",
            "bridge": null,
            "ci_wait": null,
            "cicustom": "",
            "cipassword": "",
            "ciuser": "e1deployer",
            "clone": "Ubuntu20",
            "clone_wait": 10,
            "cloudinit_cdrom_storage": null,
            "cores": 2,
            "cpu": "kvm64",
            "default_ipv4_address": null,
            "define_connection_info": true,
            "desc": "Instance created from Terraform",
            "disk": [
              {
                "aio": "",
                "backup": true,
                "cache": "none",
                "discard": "on",
                "file": "vm-4003-disk-0",
                "format": "raw",
                "iops": 0,
                "iops_max": 0,
                "iops_max_length": 0,
                "iops_rd": 0,
                "iops_rd_max": 0,
                "iops_rd_max_length": 0,
                "iops_wr": 0,
                "iops_wr_max": 0,
                "iops_wr_max_length": 0,
                "iothread": 0,
                "mbps": 0,
                "mbps_rd": 0,
                "mbps_rd_max": 0,
                "mbps_wr": 0,
                "mbps_wr_max": 0,
                "media": "",
                "replicate": 0,
                "size": "10G",
                "slot": 0,
                "ssd": 0,
                "storage": "SHARED_STORAGE",
                "storage_type": "rbd",
                "type": "scsi",
                "volume": "SHARED_STORAGE:vm-4003-disk-0"
              }
            ],
            "disk_gb": null,
            "force_create": false,
            "force_recreate_on_change_of": null,
            "full_clone": true,
            "guest_agent_ready_timeout": 100,
            "hagroup": "",
            "hastate": "",
            "hostpci": [],
            "hotplug": "network,disk,usb",
            "id": "pve006-gru1/qemu/4003",
            "ipconfig0": "ip=172.23.52.88/24,gw=172.23.52.1",
            "ipconfig1": "",
            "ipconfig10": "",
            "ipconfig11": "",
            "ipconfig12": "",
            "ipconfig13": "",
            "ipconfig14": "",
            "ipconfig15": "",
            "ipconfig2": "",
            "ipconfig3": "",
            "ipconfig4": "",
            "ipconfig5": "",
            "ipconfig6": "",
            "ipconfig7": "",
            "ipconfig8": "",
            "ipconfig9": "",
            "iso": null,
            "kvm": true,
            "mac": null,
            "machine": "",
            "memory": 2048,
            "name": "e1-gru1-dev-proxy-12-4003",
            "nameserver": "",
            "network": [
              {
                "bridge": "vmbr502",
                "firewall": false,
                "link_down": false,
                "macaddr": "F2:BF:55:E7:93:4B",
                "model": "virtio",
                "mtu": 0,
                "queues": 0,
                "rate": 0,
                "tag": -1
              },
              {
                "bridge": "vmbr900",
                "firewall": false,
                "link_down": false,
                "macaddr": "02:65:23:36:0C:FC",
                "model": "virtio",
                "mtu": 0,
                "queues": 0,
                "rate": 0,
                "tag": 1600
              },
              {
                "bridge": "vmbr900",
                "firewall": false,
                "link_down": false,
                "macaddr": "D2:7B:FB:73:6C:35",
                "model": "virtio",
                "mtu": 0,
                "queues": 0,
                "rate": 0,
                "tag": 1601
              }
            ],
            "nic": null,
            "numa": false,
            "onboot": false,
            "oncreate": true,
            "os_network_config": null,
            "os_type": "cloud-init",
            "pool": "",
            "preprovision": true,
            "pxe": null,
            "qemu_os": "l26",
            "reboot_required": false,
            "scsihw": "virtio-scsi-pci",
            "searchdomain": "",
            "serial": [
              {
                "id": 1,
                "type": "socket"
              }
            ],
            "sockets": 1,
            "ssh_forward_ip": null,
            "ssh_host": null,
            "ssh_port": null,
            "ssh_private_key": null,
            "ssh_user": null,
            "sshkeys": "ssh-rsa AAAAB3NzaC1yc2EAAAADAQABAAABgQCoP95Ds+pwL+NWt750Ax1vh+cTLQKiF5i+G4z4F74WR2tGKAuE2s6d00z24GzS7/c9LV/6Sm5ujaI3+9FeiwkBbJz7hP//M2xcGUzFKZZzcCd0JwAK5ih6OMVVbiLH3TTqnHfqtQcoshUSZjHNXBq0Jj+jhStZ139bYsnzlW1RRe1Z851KIsoVd5J0bpIr2o4zpm9HCgB8S/j6aMw/v1Zump01xiPaDTTjKgHGRpFdoD/xLZF9Cjjv3JgBEIodCfBxuEdzo9FO8hrcgRm9jVEXIL/X7+3R36z09azK2IUfi6t4K4oGjNl8JFEa3rDYfb5O4f+OqD8cJMVSaBptcLSm/MCar/n3/xI4BFDx1tUluablTSzD07VzzVKbdvZRIsSY2PKqYE4ePqZDZa0jslJpyd94zyTvzqUH7vlBNxLSoam82Hh/E+LgQoRGsEJBEAkmjkOUE5yJE9zyuZ51LQpk/9/xc0z2HPQ8sLDiisSGrv0hg5p11/dRLxzQ2SQYNa8= e1deployer@localhost\n",
            "startup": "",
            "storage": null,
            "storage_type": null,
            "tablet": true,
            "tags": "",
            "target_node": "pve006-gru1",
            "timeouts": null,
            "unused_disk": [],
            "usb": [],
            "vcpus": 0,
            "vga": [
              {
                "memory": 4,
                "type": "std"
              }
            ],
            "vlan": -1,
            "vmid": 4003
          },
          "sensitive_attributes": [],
          "private": "eyJlMmJmYjczMC1lY2FhLTExZTYtOGY4OC0zNDM2M2JjN2M0YzAiOnsiY3JlYXRlIjoxMjAwMDAwMDAwMDAwLCJkZWZhdWx0IjoxMjAwMDAwMDAwMDAwLCJkZWxldGUiOjEyMDAwMDAwMDAwMDAsInJlYWQiOjEyMDAwMDAwMDAwMDAsInVwZGF0ZSI6MTIwMDAwMDAwMDAwMH19",
          "create_before_destroy": true
        }
      ]
    },
    {
      "mode": "managed",
      "type": "proxmox_vm_qemu",
      "name": "worker",
      "provider": "provider[\"registry.terraform.io/telmate/proxmox\"]",
      "instances": [
        {
          "index_key": "e1-gru1-dev-worker-11",
          "schema_version": 0,
          "attributes": {
            "additional_wait": 5,
            "agent": 1,
            "args": "",
            "automatic_reboot": true,
            "balloon": 0,
            "bios": "seabios",
            "boot": "cdn",
            "bootdisk": "scsi0",
            "bridge": null,
            "ci_wait": null,
            "cicustom": "",
            "cipassword": "",
            "ciuser": "e1deployer",
            "clone": "Ubuntu20",
            "clone_wait": 10,
            "cloudinit_cdrom_storage": null,
            "cores": 4,
            "cpu": "kvm64",
            "default_ipv4_address": null,
            "define_connection_info": true,
            "desc": "Instance created from Terraform",
            "disk": [
              {
                "aio": "",
                "backup": true,
                "cache": "none",
                "discard": "on",
                "file": "vm-4007-disk-0",
                "format": "raw",
                "iops": 0,
                "iops_max": 0,
                "iops_max_length": 0,
                "iops_rd": 0,
                "iops_rd_max": 0,
                "iops_rd_max_length": 0,
                "iops_wr": 0,
                "iops_wr_max": 0,
                "iops_wr_max_length": 0,
                "iothread": 0,
                "mbps": 0,
                "mbps_rd": 0,
                "mbps_rd_max": 0,
                "mbps_wr": 0,
                "mbps_wr_max": 0,
                "media": "",
                "replicate": 0,
                "size": "40G",
                "slot": 0,
                "ssd": 0,
                "storage": "SHARED_STORAGE",
                "storage_type": "rbd",
                "type": "scsi",
                "volume": "SHARED_STORAGE:vm-4007-disk-0"
              }
            ],
            "disk_gb": null,
            "force_create": false,
            "force_recreate_on_change_of": null,
            "full_clone": true,
            "guest_agent_ready_timeout": 100,
            "hagroup": "",
            "hastate": "",
            "hostpci": [],
            "hotplug": "network,disk,usb",
            "id": "pve006-gru1/qemu/4007",
            "ipconfig0": "ip=172.23.52.93/24,gw=172.23.52.1",
            "ipconfig1": "",
            "ipconfig10": "",
            "ipconfig11": "",
            "ipconfig12": "",
            "ipconfig13": "",
            "ipconfig14": "",
            "ipconfig15": "",
            "ipconfig2": "",
            "ipconfig3": "",
            "ipconfig4": "",
            "ipconfig5": "",
            "ipconfig6": "",
            "ipconfig7": "",
            "ipconfig8": "",
            "ipconfig9": "",
            "iso": null,
            "kvm": true,
            "mac": null,
            "machine": "",
            "memory": 10240,
            "name": "e1-gru1-dev-worker-11-4007",
            "nameserver": "",
            "network": [
              {
                "bridge": "vmbr502",
                "firewall": false,
                "link_down": false,
                "macaddr": "22:48:45:55:56:65",
                "model": "virtio",
                "mtu": 0,
                "queues": 0,
                "rate": 0,
                "tag": -1
              },
              {
                "bridge": "vmbr900",
                "firewall": false,
                "link_down": false,
                "macaddr": "BA:11:F4:51:3D:0A",
                "model": "virtio",
                "mtu": 0,
                "queues": 0,
                "rate": 0,
                "tag": 1605
              }
            ],
            "nic": null,
            "numa": false,
            "onboot": false,
            "oncreate": true,
            "os_network_config": null,
            "os_type": "cloud-init",
            "pool": "",
            "preprovision": true,
            "pxe": null,
            "qemu_os": "l26",
            "reboot_required": false,
            "scsihw": "virtio-scsi-pci",
            "searchdomain": "",
            "serial": [
              {
                "id": 1,
                "type": "socket"
              }
            ],
            "sockets": 1,
            "ssh_forward_ip": null,
            "ssh_host": null,
            "ssh_port": null,
            "ssh_private_key": null,
            "ssh_user": null,
            "sshkeys": "ssh-rsa AAAAB3NzaC1yc2EAAAADAQABAAABgQCoP95Ds+pwL+NWt750Ax1vh+cTLQKiF5i+G4z4F74WR2tGKAuE2s6d00z24GzS7/c9LV/6Sm5ujaI3+9FeiwkBbJz7hP//M2xcGUzFKZZzcCd0JwAK5ih6OMVVbiLH3TTqnHfqtQcoshUSZjHNXBq0Jj+jhStZ139bYsnzlW1RRe1Z851KIsoVd5J0bpIr2o4zpm9HCgB8S/j6aMw/v1Zump01xiPaDTTjKgHGRpFdoD/xLZF9Cjjv3JgBEIodCfBxuEdzo9FO8hrcgRm9jVEXIL/X7+3R36z09azK2IUfi6t4K4oGjNl8JFEa3rDYfb5O4f+OqD8cJMVSaBptcLSm/MCar/n3/xI4BFDx1tUluablTSzD07VzzVKbdvZRIsSY2PKqYE4ePqZDZa0jslJpyd94zyTvzqUH7vlBNxLSoam82Hh/E+LgQoRGsEJBEAkmjkOUE5yJE9zyuZ51LQpk/9/xc0z2HPQ8sLDiisSGrv0hg5p11/dRLxzQ2SQYNa8= e1deployer@localhost\n",
            "startup": "",
            "storage": null,
            "storage_type": null,
            "tablet": true,
            "tags": "",
            "target_node": "pve006-gru1",
            "timeouts": null,
            "unused_disk": [],
            "usb": [],
            "vcpus": 0,
            "vga": [
              {
                "memory": 4,
                "type": "std"
              }
            ],
            "vlan": -1,
            "vmid": 4007
          },
          "sensitive_attributes": [],
          "private": "eyJlMmJmYjczMC1lY2FhLTExZTYtOGY4OC0zNDM2M2JjN2M0YzAiOnsiY3JlYXRlIjoxMjAwMDAwMDAwMDAwLCJkZWZhdWx0IjoxMjAwMDAwMDAwMDAwLCJkZWxldGUiOjEyMDAwMDAwMDAwMDAsInJlYWQiOjEyMDAwMDAwMDAwMDAsInVwZGF0ZSI6MTIwMDAwMDAwMDAwMH19",
          "create_before_destroy": true
        },
        {
          "index_key": "e1-gru1-dev-worker-12",
          "schema_version": 0,
          "attributes": {
            "additional_wait": 5,
            "agent": 1,
            "args": "",
            "automatic_reboot": true,
            "balloon": 0,
            "bios": "seabios",
            "boot": "cdn",
            "bootdisk": "scsi0",
            "bridge": null,
            "ci_wait": null,
            "cicustom": "",
            "cipassword": "",
            "ciuser": "e1deployer",
            "clone": "Ubuntu20",
            "clone_wait": 10,
            "cloudinit_cdrom_storage": null,
            "cores": 4,
            "cpu": "kvm64",
            "default_ipv4_address": null,
            "define_connection_info": true,
            "desc": "Instance created from Terraform",
            "disk": [
              {
                "aio": "",
                "backup": true,
                "cache": "none",
                "discard": "on",
                "file": "vm-4008-disk-0",
                "format": "raw",
                "iops": 0,
                "iops_max": 0,
                "iops_max_length": 0,
                "iops_rd": 0,
                "iops_rd_max": 0,
                "iops_rd_max_length": 0,
                "iops_wr": 0,
                "iops_wr_max": 0,
                "iops_wr_max_length": 0,
                "iothread": 0,
                "mbps": 0,
                "mbps_rd": 0,
                "mbps_rd_max": 0,
                "mbps_wr": 0,
                "mbps_wr_max": 0,
                "media": "",
                "replicate": 0,
                "size": "40G",
                "slot": 0,
                "ssd": 0,
                "storage": "SHARED_STORAGE",
                "storage_type": "rbd",
                "type": "scsi",
                "volume": "SHARED_STORAGE:vm-4008-disk-0"
              }
            ],
            "disk_gb": null,
            "force_create": false,
            "force_recreate_on_change_of": null,
            "full_clone": true,
            "guest_agent_ready_timeout": 100,
            "hagroup": "",
            "hastate": "",
            "hostpci": [],
            "hotplug": "network,disk,usb",
            "id": "pve006-gru1/qemu/4008",
            "ipconfig0": "ip=172.23.52.94/24,gw=172.23.52.1",
            "ipconfig1": "",
            "ipconfig10": "",
            "ipconfig11": "",
            "ipconfig12": "",
            "ipconfig13": "",
            "ipconfig14": "",
            "ipconfig15": "",
            "ipconfig2": "",
            "ipconfig3": "",
            "ipconfig4": "",
            "ipconfig5": "",
            "ipconfig6": "",
            "ipconfig7": "",
            "ipconfig8": "",
            "ipconfig9": "",
            "iso": null,
            "kvm": true,
            "mac": null,
            "machine": "",
            "memory": 10240,
            "name": "e1-gru1-dev-worker-12-4008",
            "nameserver": "",
            "network": [
              {
                "bridge": "vmbr502",
                "firewall": false,
                "link_down": false,
                "macaddr": "0E:29:28:4D:D4:13",
                "model": "virtio",
                "mtu": 0,
                "queues": 0,
                "rate": 0,
                "tag": -1
              },
              {
                "bridge": "vmbr900",
                "firewall": false,
                "link_down": false,
                "macaddr": "8E:0D:61:70:5C:21",
                "model": "virtio",
                "mtu": 0,
                "queues": 0,
                "rate": 0,
                "tag": 1605
              }
            ],
            "nic": null,
            "numa": false,
            "onboot": false,
            "oncreate": true,
            "os_network_config": null,
            "os_type": "cloud-init",
            "pool": "",
            "preprovision": true,
            "pxe": null,
            "qemu_os": "l26",
            "reboot_required": false,
            "scsihw": "virtio-scsi-pci",
            "searchdomain": "",
            "serial": [
              {
                "id": 1,
                "type": "socket"
              }
            ],
            "sockets": 1,
            "ssh_forward_ip": null,
            "ssh_host": null,
            "ssh_port": null,
            "ssh_private_key": null,
            "ssh_user": null,
            "sshkeys": "ssh-rsa AAAAB3NzaC1yc2EAAAADAQABAAABgQCoP95Ds+pwL+NWt750Ax1vh+cTLQKiF5i+G4z4F74WR2tGKAuE2s6d00z24GzS7/c9LV/6Sm5ujaI3+9FeiwkBbJz7hP//M2xcGUzFKZZzcCd0JwAK5ih6OMVVbiLH3TTqnHfqtQcoshUSZjHNXBq0Jj+jhStZ139bYsnzlW1RRe1Z851KIsoVd5J0bpIr2o4zpm9HCgB8S/j6aMw/v1Zump01xiPaDTTjKgHGRpFdoD/xLZF9Cjjv3JgBEIodCfBxuEdzo9FO8hrcgRm9jVEXIL/X7+3R36z09azK2IUfi6t4K4oGjNl8JFEa3rDYfb5O4f+OqD8cJMVSaBptcLSm/MCar/n3/xI4BFDx1tUluablTSzD07VzzVKbdvZRIsSY2PKqYE4ePqZDZa0jslJpyd94zyTvzqUH7vlBNxLSoam82Hh/E+LgQoRGsEJBEAkmjkOUE5yJE9zyuZ51LQpk/9/xc0z2HPQ8sLDiisSGrv0hg5p11/dRLxzQ2SQYNa8= e1deployer@localhost\n",
            "startup": "",
            "storage": null,
            "storage_type": null,
            "tablet": true,
            "tags": "",
            "target_node": "pve006-gru1",
            "timeouts": null,
            "unused_disk": [],
            "usb": [],
            "vcpus": 0,
            "vga": [
              {
                "memory": 4,
                "type": "std"
              }
            ],
            "vlan": -1,
            "vmid": 4008
          },
          "sensitive_attributes": [],
          "private": "eyJlMmJmYjczMC1lY2FhLTExZTYtOGY4OC0zNDM2M2JjN2M0YzAiOnsiY3JlYXRlIjoxMjAwMDAwMDAwMDAwLCJkZWZhdWx0IjoxMjAwMDAwMDAwMDAwLCJkZWxldGUiOjEyMDAwMDAwMDAwMDAsInJlYWQiOjEyMDAwMDAwMDAwMDAsInVwZGF0ZSI6MTIwMDAwMDAwMDAwMH19",
          "create_before_destroy": true
        },
        {
          "index_key": "e1-gru1-dev-worker-13",
          "schema_version": 0,
          "attributes": {
            "additional_wait": 5,
            "agent": 1,
            "args": "",
            "automatic_reboot": true,
            "balloon": 0,
            "bios": "seabios",
            "boot": "cdn",
            "bootdisk": "scsi0",
            "bridge": null,
            "ci_wait": null,
            "cicustom": "",
            "cipassword": "",
            "ciuser": "e1deployer",
            "clone": "Ubuntu20",
            "clone_wait": 10,
            "cloudinit_cdrom_storage": null,
            "cores": 4,
            "cpu": "kvm64",
            "default_ipv4_address": null,
            "define_connection_info": true,
            "desc": "Instance created from Terraform",
            "disk": [
              {
                "aio": "",
                "backup": true,
                "cache": "none",
                "discard": "on",
                "file": "vm-4009-disk-0",
                "format": "raw",
                "iops": 0,
                "iops_max": 0,
                "iops_max_length": 0,
                "iops_rd": 0,
                "iops_rd_max": 0,
                "iops_rd_max_length": 0,
                "iops_wr": 0,
                "iops_wr_max": 0,
                "iops_wr_max_length": 0,
                "iothread": 0,
                "mbps": 0,
                "mbps_rd": 0,
                "mbps_rd_max": 0,
                "mbps_wr": 0,
                "mbps_wr_max": 0,
                "media": "",
                "replicate": 0,
                "size": "40G",
                "slot": 0,
                "ssd": 0,
                "storage": "SHARED_STORAGE",
                "storage_type": "rbd",
                "type": "scsi",
                "volume": "SHARED_STORAGE:vm-4009-disk-0"
              }
            ],
            "disk_gb": null,
            "force_create": false,
            "force_recreate_on_change_of": null,
            "full_clone": true,
            "guest_agent_ready_timeout": 100,
            "hagroup": "",
            "hastate": "",
            "hostpci": [],
            "hotplug": "network,disk,usb",
            "id": "pve006-gru1/qemu/4009",
            "ipconfig0": "ip=172.23.52.95/24,gw=172.23.52.1",
            "ipconfig1": "",
            "ipconfig10": "",
            "ipconfig11": "",
            "ipconfig12": "",
            "ipconfig13": "",
            "ipconfig14": "",
            "ipconfig15": "",
            "ipconfig2": "",
            "ipconfig3": "",
            "ipconfig4": "",
            "ipconfig5": "",
            "ipconfig6": "",
            "ipconfig7": "",
            "ipconfig8": "",
            "ipconfig9": "",
            "iso": null,
            "kvm": true,
            "mac": null,
            "machine": "",
            "memory": 10240,
            "name": "e1-gru1-dev-worker-13-4009",
            "nameserver": "",
            "network": [
              {
                "bridge": "vmbr502",
                "firewall": false,
                "link_down": false,
                "macaddr": "0A:20:2D:71:E1:AF",
                "model": "virtio",
                "mtu": 0,
                "queues": 0,
                "rate": 0,
                "tag": -1
              },
              {
                "bridge": "vmbr900",
                "firewall": false,
                "link_down": false,
                "macaddr": "F6:9E:0B:A2:86:42",
                "model": "virtio",
                "mtu": 0,
                "queues": 0,
                "rate": 0,
                "tag": 1605
              }
            ],
            "nic": null,
            "numa": false,
            "onboot": false,
            "oncreate": true,
            "os_network_config": null,
            "os_type": "cloud-init",
            "pool": "",
            "preprovision": true,
            "pxe": null,
            "qemu_os": "l26",
            "reboot_required": false,
            "scsihw": "virtio-scsi-pci",
            "searchdomain": "",
            "serial": [
              {
                "id": 1,
                "type": "socket"
              }
            ],
            "sockets": 1,
            "ssh_forward_ip": null,
            "ssh_host": null,
            "ssh_port": null,
            "ssh_private_key": null,
            "ssh_user": null,
            "sshkeys": "ssh-rsa AAAAB3NzaC1yc2EAAAADAQABAAABgQCoP95Ds+pwL+NWt750Ax1vh+cTLQKiF5i+G4z4F74WR2tGKAuE2s6d00z24GzS7/c9LV/6Sm5ujaI3+9FeiwkBbJz7hP//M2xcGUzFKZZzcCd0JwAK5ih6OMVVbiLH3TTqnHfqtQcoshUSZjHNXBq0Jj+jhStZ139bYsnzlW1RRe1Z851KIsoVd5J0bpIr2o4zpm9HCgB8S/j6aMw/v1Zump01xiPaDTTjKgHGRpFdoD/xLZF9Cjjv3JgBEIodCfBxuEdzo9FO8hrcgRm9jVEXIL/X7+3R36z09azK2IUfi6t4K4oGjNl8JFEa3rDYfb5O4f+OqD8cJMVSaBptcLSm/MCar/n3/xI4BFDx1tUluablTSzD07VzzVKbdvZRIsSY2PKqYE4ePqZDZa0jslJpyd94zyTvzqUH7vlBNxLSoam82Hh/E+LgQoRGsEJBEAkmjkOUE5yJE9zyuZ51LQpk/9/xc0z2HPQ8sLDiisSGrv0hg5p11/dRLxzQ2SQYNa8= e1deployer@localhost\n",
            "startup": "",
            "storage": null,
            "storage_type": null,
            "tablet": true,
            "tags": "",
            "target_node": "pve006-gru1",
            "timeouts": null,
            "unused_disk": [],
            "usb": [],
            "vcpus": 0,
            "vga": [
              {
                "memory": 4,
                "type": "std"
              }
            ],
            "vlan": -1,
            "vmid": 4009
          },
          "sensitive_attributes": [],
          "private": "eyJlMmJmYjczMC1lY2FhLTExZTYtOGY4OC0zNDM2M2JjN2M0YzAiOnsiY3JlYXRlIjoxMjAwMDAwMDAwMDAwLCJkZWZhdWx0IjoxMjAwMDAwMDAwMDAwLCJkZWxldGUiOjEyMDAwMDAwMDAwMDAsInJlYWQiOjEyMDAwMDAwMDAwMDAsInVwZGF0ZSI6MTIwMDAwMDAwMDAwMH19",
          "create_before_destroy": true
        }
      ]
    }
  ],
  "check_results": null
}
