{
  "version": 4,
  "terraform_version": "1.6.1",
  "serial": 28,
  "lineage": "0f137f78-7547-641f-1659-7951db889a09",
  "outputs": {},
  "resources": [
    {
      "mode": "managed",
      "type": "proxmox_vm_qemu",
      "name": "firewall",
      "provider": "provider[\"registry.terraform.io/telmate/proxmox\"]",
      "instances": [
        {
          "index_key": "e1-dev-firewall-11",
          "schema_version": 0,
          "attributes": {
            "additional_wait": 5,
            "agent": 1,
            "args": "",
            "automatic_reboot": true,
            "balloon": 0,
            "bios": "seabios",
            "boot": "cdn",
            "bootdisk": "scsi0",
            "bridge": null,
            "ci_wait": null,
            "cicustom": "",
            "cipassword": "",
            "ciuser": "e1deployer",
            "clone": "VyOS14",
            "clone_wait": 10,
            "cloudinit_cdrom_storage": null,
            "cores": 2,
            "cpu": "kvm64",
            "default_ipv4_address": null,
            "define_connection_info": true,
            "desc": "Instance created from Terraform",
            "disk": [
              {
                "aio": "",
                "backup": true,
                "cache": "none",
                "discard": "on",
                "file": "vm-4000-disk-0",
                "format": "raw",
                "iops": 0,
                "iops_max": 0,
                "iops_max_length": 0,
                "iops_rd": 0,
                "iops_rd_max": 0,
                "iops_rd_max_length": 0,
                "iops_wr": 0,
                "iops_wr_max": 0,
                "iops_wr_max_length": 0,
                "iothread": 0,
                "mbps": 0,
                "mbps_rd": 0,
                "mbps_rd_max": 0,
                "mbps_wr": 0,
                "mbps_wr_max": 0,
                "media": "",
                "replicate": 0,
                "size": "10G",
                "slot": 0,
                "ssd": 0,
                "storage": "SHARED_STORAGE",
                "storage_type": "lvmthin",
                "type": "scsi",
                "volume": "SHARED_STORAGE:vm-4000-disk-0"
              }
            ],
            "disk_gb": null,
            "force_create": false,
            "force_recreate_on_change_of": null,
            "full_clone": true,
            "guest_agent_ready_timeout": 100,
            "hagroup": "",
            "hastate": "",
            "hostpci": [],
            "hotplug": "network,disk,usb",
            "id": "pve007/qemu/4000",
            "ipconfig0": "ip=172.16.17.240/24,gw=172.16.17.1",
            "ipconfig1": "",
            "ipconfig10": "",
            "ipconfig11": "",
            "ipconfig12": "",
            "ipconfig13": "",
            "ipconfig14": "",
            "ipconfig15": "",
            "ipconfig2": "",
            "ipconfig3": "",
            "ipconfig4": "",
            "ipconfig5": "",
            "ipconfig6": "",
            "ipconfig7": "",
            "ipconfig8": "",
            "ipconfig9": "",
            "iso": null,
            "kvm": true,
            "mac": null,
            "machine": "",
            "memory": 2048,
            "name": "e1-dev-firewall-11-4000",
            "nameserver": "",
            "network": [
              {
                "bridge": "vmbr502",
                "firewall": false,
                "link_down": false,
                "macaddr": "36:92:E9:25:15:60",
                "model": "virtio",
                "mtu": 0,
                "queues": 0,
                "rate": 0,
                "tag": -1
              },
              {
                "bridge": "vmbr602",
                "firewall": false,
                "link_down": false,
                "macaddr": "66:4E:75:2F:42:9E",
                "model": "virtio",
                "mtu": 0,
                "queues": 0,
                "rate": 0,
                "tag": -1
              },
              {
                "bridge": "vmbr666",
                "firewall": false,
                "link_down": false,
                "macaddr": "CA:03:D9:4E:75:93",
                "model": "virtio",
                "mtu": 0,
                "queues": 0,
                "rate": 0,
                "tag": 1600
              },
              {
                "bridge": "vmbr666",
                "firewall": false,
                "link_down": false,
                "macaddr": "52:5E:11:46:40:77",
                "model": "virtio",
                "mtu": 0,
                "queues": 0,
                "rate": 0,
                "tag": 1601
              },
              {
                "bridge": "vmbr666",
                "firewall": false,
                "link_down": false,
                "macaddr": "A6:B5:1F:10:3E:75",
                "model": "virtio",
                "mtu": 0,
                "queues": 0,
                "rate": 0,
                "tag": -1
              }
            ],
            "nic": null,
            "numa": false,
            "onboot": false,
            "oncreate": true,
            "os_network_config": null,
            "os_type": "cloud-init",
            "pool": "",
            "preprovision": true,
            "pxe": null,
            "qemu_os": "l26",
            "reboot_required": false,
            "scsihw": "virtio-scsi-pci",
            "searchdomain": "",
            "serial": [
              {
                "id": 1,
                "type": "socket"
              }
            ],
            "sockets": 1,
            "ssh_forward_ip": null,
            "ssh_host": null,
            "ssh_port": null,
            "ssh_private_key": null,
            "ssh_user": null,
            "sshkeys": "ssh-rsa AAAAB3NzaC1yc2EAAAADAQABAAABgQCoP95Ds+pwL+NWt750Ax1vh+cTLQKiF5i+G4z4F74WR2tGKAuE2s6d00z24GzS7/c9LV/6Sm5ujaI3+9FeiwkBbJz7hP//M2xcGUzFKZZzcCd0JwAK5ih6OMVVbiLH3TTqnHfqtQcoshUSZjHNXBq0Jj+jhStZ139bYsnzlW1RRe1Z851KIsoVd5J0bpIr2o4zpm9HCgB8S/j6aMw/v1Zump01xiPaDTTjKgHGRpFdoD/xLZF9Cjjv3JgBEIodCfBxuEdzo9FO8hrcgRm9jVEXIL/X7+3R36z09azK2IUfi6t4K4oGjNl8JFEa3rDYfb5O4f+OqD8cJMVSaBptcLSm/MCar/n3/xI4BFDx1tUluablTSzD07VzzVKbdvZRIsSY2PKqYE4ePqZDZa0jslJpyd94zyTvzqUH7vlBNxLSoam82Hh/E+LgQoRGsEJBEAkmjkOUE5yJE9zyuZ51LQpk/9/xc0z2HPQ8sLDiisSGrv0hg5p11/dRLxzQ2SQYNa8= e1deployer@localhost\n",
            "startup": "",
            "storage": null,
            "storage_type": null,
            "tablet": true,
            "tags": "",
            "target_node": "pve007",
            "timeouts": null,
            "unused_disk": [],
            "usb": [],
            "vcpus": 0,
            "vga": [
              {
                "memory": 4,
                "type": "std"
              }
            ],
            "vlan": -1,
            "vmid": 4000
          },
          "sensitive_attributes": [],
          "private": "eyJlMmJmYjczMC1lY2FhLTExZTYtOGY4OC0zNDM2M2JjN2M0YzAiOnsiY3JlYXRlIjoxMjAwMDAwMDAwMDAwLCJkZWZhdWx0IjoxMjAwMDAwMDAwMDAwLCJkZWxldGUiOjEyMDAwMDAwMDAwMDAsInJlYWQiOjEyMDAwMDAwMDAwMDAsInVwZGF0ZSI6MTIwMDAwMDAwMDAwMH19",
          "create_before_destroy": true
        }
      ]
    },
    {
      "mode": "managed",
      "type": "proxmox_vm_qemu",
      "name": "proxy",
      "provider": "provider[\"registry.terraform.io/telmate/proxmox\"]",
      "instances": [
        {
          "index_key": "e1-dev-proxy-11",
          "schema_version": 0,
          "attributes": {
            "additional_wait": 5,
            "agent": 1,
            "args": "",
            "automatic_reboot": true,
            "balloon": 0,
            "bios": "seabios",
            "boot": "cdn",
            "bootdisk": "scsi0",
            "bridge": null,
            "ci_wait": null,
            "cicustom": "",
            "cipassword": "",
            "ciuser": "e1deployer",
            "clone": "Ubuntu20",
            "clone_wait": 10,
            "cloudinit_cdrom_storage": null,
            "cores": 2,
            "cpu": "kvm64",
            "default_ipv4_address": null,
            "define_connection_info": true,
            "desc": "Instance created from Terraform",
            "disk": [
              {
                "aio": "",
                "backup": true,
                "cache": "none",
                "discard": "on",
                "file": "vm-4002-disk-0",
                "format": "raw",
                "iops": 0,
                "iops_max": 0,
                "iops_max_length": 0,
                "iops_rd": 0,
                "iops_rd_max": 0,
                "iops_rd_max_length": 0,
                "iops_wr": 0,
                "iops_wr_max": 0,
                "iops_wr_max_length": 0,
                "iothread": 0,
                "mbps": 0,
                "mbps_rd": 0,
                "mbps_rd_max": 0,
                "mbps_wr": 0,
                "mbps_wr_max": 0,
                "media": "",
                "replicate": 0,
                "size": "10G",
                "slot": 0,
                "ssd": 0,
                "storage": "SHARED_STORAGE",
                "storage_type": "lvmthin",
                "type": "scsi",
                "volume": "SHARED_STORAGE:vm-4002-disk-0"
              }
            ],
            "disk_gb": null,
            "force_create": false,
            "force_recreate_on_change_of": null,
            "full_clone": true,
            "guest_agent_ready_timeout": 100,
            "hagroup": "",
            "hastate": "",
            "hostpci": [],
            "hotplug": "network,disk,usb",
            "id": "pve007/qemu/4002",
            "ipconfig0": "ip=172.16.17.242/24,gw=172.16.17.1",
            "ipconfig1": "",
            "ipconfig10": "",
            "ipconfig11": "",
            "ipconfig12": "",
            "ipconfig13": "",
            "ipconfig14": "",
            "ipconfig15": "",
            "ipconfig2": "",
            "ipconfig3": "",
            "ipconfig4": "",
            "ipconfig5": "",
            "ipconfig6": "",
            "ipconfig7": "",
            "ipconfig8": "",
            "ipconfig9": "",
            "iso": null,
            "kvm": true,
            "mac": null,
            "machine": "",
            "memory": 2048,
            "name": "e1-dev-proxy-11-4002",
            "nameserver": "",
            "network": [
              {
                "bridge": "vmbr502",
                "firewall": false,
                "link_down": false,
                "macaddr": "1E:0B:52:D3:C9:81",
                "model": "virtio",
                "mtu": 0,
                "queues": 0,
                "rate": 0,
                "tag": -1
              },
              {
                "bridge": "vmbr666",
                "firewall": false,
                "link_down": false,
                "macaddr": "26:10:78:71:0E:0A",
                "model": "virtio",
                "mtu": 0,
                "queues": 0,
                "rate": 0,
                "tag": 1600
              },
              {
                "bridge": "vmbr666",
                "firewall": false,
                "link_down": false,
                "macaddr": "4A:67:23:D0:28:82",
                "model": "virtio",
                "mtu": 0,
                "queues": 0,
                "rate": 0,
                "tag": 1601
              }
            ],
            "nic": null,
            "numa": false,
            "onboot": false,
            "oncreate": true,
            "os_network_config": null,
            "os_type": "cloud-init",
            "pool": "",
            "preprovision": true,
            "pxe": null,
            "qemu_os": "l26",
            "reboot_required": false,
            "scsihw": "virtio-scsi-pci",
            "searchdomain": "",
            "serial": [
              {
                "id": 1,
                "type": "socket"
              }
            ],
            "sockets": 1,
            "ssh_forward_ip": null,
            "ssh_host": null,
            "ssh_port": null,
            "ssh_private_key": null,
            "ssh_user": null,
            "sshkeys": "ssh-rsa AAAAB3NzaC1yc2EAAAADAQABAAABgQCoP95Ds+pwL+NWt750Ax1vh+cTLQKiF5i+G4z4F74WR2tGKAuE2s6d00z24GzS7/c9LV/6Sm5ujaI3+9FeiwkBbJz7hP//M2xcGUzFKZZzcCd0JwAK5ih6OMVVbiLH3TTqnHfqtQcoshUSZjHNXBq0Jj+jhStZ139bYsnzlW1RRe1Z851KIsoVd5J0bpIr2o4zpm9HCgB8S/j6aMw/v1Zump01xiPaDTTjKgHGRpFdoD/xLZF9Cjjv3JgBEIodCfBxuEdzo9FO8hrcgRm9jVEXIL/X7+3R36z09azK2IUfi6t4K4oGjNl8JFEa3rDYfb5O4f+OqD8cJMVSaBptcLSm/MCar/n3/xI4BFDx1tUluablTSzD07VzzVKbdvZRIsSY2PKqYE4ePqZDZa0jslJpyd94zyTvzqUH7vlBNxLSoam82Hh/E+LgQoRGsEJBEAkmjkOUE5yJE9zyuZ51LQpk/9/xc0z2HPQ8sLDiisSGrv0hg5p11/dRLxzQ2SQYNa8= e1deployer@localhost\n",
            "startup": "",
            "storage": null,
            "storage_type": null,
            "tablet": true,
            "tags": "",
            "target_node": "pve007",
            "timeouts": null,
            "unused_disk": [],
            "usb": [],
            "vcpus": 0,
            "vga": [
              {
                "memory": 4,
                "type": "std"
              }
            ],
            "vlan": -1,
            "vmid": 4002
          },
          "sensitive_attributes": [],
          "private": "eyJlMmJmYjczMC1lY2FhLTExZTYtOGY4OC0zNDM2M2JjN2M0YzAiOnsiY3JlYXRlIjoxMjAwMDAwMDAwMDAwLCJkZWZhdWx0IjoxMjAwMDAwMDAwMDAwLCJkZWxldGUiOjEyMDAwMDAwMDAwMDAsInJlYWQiOjEyMDAwMDAwMDAwMDAsInVwZGF0ZSI6MTIwMDAwMDAwMDAwMH19",
          "create_before_destroy": true
        }
      ]
    },
    {
      "mode": "managed",
      "type": "proxmox_vm_qemu",
      "name": "worker",
      "provider": "provider[\"registry.terraform.io/telmate/proxmox\"]",
      "instances": [
        {
          "index_key": "e1-dev-worker-11",
          "schema_version": 0,
          "attributes": {
            "additional_wait": 5,
            "agent": 1,
            "args": "",
            "automatic_reboot": true,
            "balloon": 0,
            "bios": "seabios",
            "boot": "cdn",
            "bootdisk": "scsi0",
            "bridge": null,
            "ci_wait": null,
            "cicustom": "",
            "cipassword": "",
            "ciuser": "e1deployer",
            "clone": "Ubuntu20",
            "clone_wait": 10,
            "cloudinit_cdrom_storage": null,
            "cores": 2,
            "cpu": "kvm64",
            "default_ipv4_address": null,
            "define_connection_info": true,
            "desc": "Instance created from Terraform",
            "disk": [
              {
                "aio": "",
                "backup": true,
                "cache": "none",
                "discard": "on",
                "file": "vm-4004-disk-0",
                "format": "raw",
                "iops": 0,
                "iops_max": 0,
                "iops_max_length": 0,
                "iops_rd": 0,
                "iops_rd_max": 0,
                "iops_rd_max_length": 0,
                "iops_wr": 0,
                "iops_wr_max": 0,
                "iops_wr_max_length": 0,
                "iothread": 0,
                "mbps": 0,
                "mbps_rd": 0,
                "mbps_rd_max": 0,
                "mbps_wr": 0,
                "mbps_wr_max": 0,
                "media": "",
                "replicate": 0,
                "size": "10G",
                "slot": 0,
                "ssd": 0,
                "storage": "SHARED_STORAGE",
                "storage_type": "lvmthin",
                "type": "scsi",
                "volume": "SHARED_STORAGE:vm-4004-disk-0"
              }
            ],
            "disk_gb": null,
            "force_create": false,
            "force_recreate_on_change_of": null,
            "full_clone": true,
            "guest_agent_ready_timeout": 100,
            "hagroup": "",
            "hastate": "",
            "hostpci": [],
            "hotplug": "network,disk,usb",
            "id": "pve007/qemu/4004",
            "ipconfig0": "ip=172.16.17.245/24,gw=172.16.17.1",
            "ipconfig1": "",
            "ipconfig10": "",
            "ipconfig11": "",
            "ipconfig12": "",
            "ipconfig13": "",
            "ipconfig14": "",
            "ipconfig15": "",
            "ipconfig2": "",
            "ipconfig3": "",
            "ipconfig4": "",
            "ipconfig5": "",
            "ipconfig6": "",
            "ipconfig7": "",
            "ipconfig8": "",
            "ipconfig9": "",
            "iso": null,
            "kvm": true,
            "mac": null,
            "machine": "",
            "memory": 2048,
            "name": "e1-dev-worker-11-4004",
            "nameserver": "",
            "network": [
              {
                "bridge": "vmbr502",
                "firewall": false,
                "link_down": false,
                "macaddr": "62:A8:F5:11:6F:B9",
                "model": "virtio",
                "mtu": 0,
                "queues": 0,
                "rate": 0,
                "tag": -1
              },
              {
                "bridge": "vmbr666",
                "firewall": false,
                "link_down": false,
                "macaddr": "BA:BD:E3:C6:44:F5",
                "model": "virtio",
                "mtu": 0,
                "queues": 0,
                "rate": 0,
                "tag": 1605
              }
            ],
            "nic": null,
            "numa": false,
            "onboot": false,
            "oncreate": true,
            "os_network_config": null,
            "os_type": "cloud-init",
            "pool": "",
            "preprovision": true,
            "pxe": null,
            "qemu_os": "l26",
            "reboot_required": false,
            "scsihw": "virtio-scsi-pci",
            "searchdomain": "",
            "serial": [
              {
                "id": 1,
                "type": "socket"
              }
            ],
            "sockets": 1,
            "ssh_forward_ip": null,
            "ssh_host": null,
            "ssh_port": null,
            "ssh_private_key": null,
            "ssh_user": null,
            "sshkeys": "ssh-rsa AAAAB3NzaC1yc2EAAAADAQABAAABgQCoP95Ds+pwL+NWt750Ax1vh+cTLQKiF5i+G4z4F74WR2tGKAuE2s6d00z24GzS7/c9LV/6Sm5ujaI3+9FeiwkBbJz7hP//M2xcGUzFKZZzcCd0JwAK5ih6OMVVbiLH3TTqnHfqtQcoshUSZjHNXBq0Jj+jhStZ139bYsnzlW1RRe1Z851KIsoVd5J0bpIr2o4zpm9HCgB8S/j6aMw/v1Zump01xiPaDTTjKgHGRpFdoD/xLZF9Cjjv3JgBEIodCfBxuEdzo9FO8hrcgRm9jVEXIL/X7+3R36z09azK2IUfi6t4K4oGjNl8JFEa3rDYfb5O4f+OqD8cJMVSaBptcLSm/MCar/n3/xI4BFDx1tUluablTSzD07VzzVKbdvZRIsSY2PKqYE4ePqZDZa0jslJpyd94zyTvzqUH7vlBNxLSoam82Hh/E+LgQoRGsEJBEAkmjkOUE5yJE9zyuZ51LQpk/9/xc0z2HPQ8sLDiisSGrv0hg5p11/dRLxzQ2SQYNa8= e1deployer@localhost\n",
            "startup": "",
            "storage": null,
            "storage_type": null,
            "tablet": true,
            "tags": "",
            "target_node": "pve007",
            "timeouts": null,
            "unused_disk": [],
            "usb": [],
            "vcpus": 0,
            "vga": [
              {
                "memory": 4,
                "type": "std"
              }
            ],
            "vlan": -1,
            "vmid": 4004
          },
          "sensitive_attributes": [],
          "private": "eyJlMmJmYjczMC1lY2FhLTExZTYtOGY4OC0zNDM2M2JjN2M0YzAiOnsiY3JlYXRlIjoxMjAwMDAwMDAwMDAwLCJkZWZhdWx0IjoxMjAwMDAwMDAwMDAwLCJkZWxldGUiOjEyMDAwMDAwMDAwMDAsInJlYWQiOjEyMDAwMDAwMDAwMDAsInVwZGF0ZSI6MTIwMDAwMDAwMDAwMH19",
          "create_before_destroy": true
        },
        {
          "index_key": "e1-dev-worker-12",
          "schema_version": 0,
          "attributes": {
            "additional_wait": 5,
            "agent": 1,
            "args": "",
            "automatic_reboot": true,
            "balloon": 0,
            "bios": "seabios",
            "boot": "cdn",
            "bootdisk": "scsi0",
            "bridge": null,
            "ci_wait": null,
            "cicustom": "",
            "cipassword": "",
            "ciuser": "e1deployer",
            "clone": "Ubuntu20",
            "clone_wait": 10,
            "cloudinit_cdrom_storage": null,
            "cores": 2,
            "cpu": "kvm64",
            "default_ipv4_address": null,
            "define_connection_info": true,
            "desc": "Instance created from Terraform",
            "disk": [
              {
                "aio": "",
                "backup": true,
                "cache": "none",
                "discard": "on",
                "file": "vm-4005-disk-0",
                "format": "raw",
                "iops": 0,
                "iops_max": 0,
                "iops_max_length": 0,
                "iops_rd": 0,
                "iops_rd_max": 0,
                "iops_rd_max_length": 0,
                "iops_wr": 0,
                "iops_wr_max": 0,
                "iops_wr_max_length": 0,
                "iothread": 0,
                "mbps": 0,
                "mbps_rd": 0,
                "mbps_rd_max": 0,
                "mbps_wr": 0,
                "mbps_wr_max": 0,
                "media": "",
                "replicate": 0,
                "size": "10G",
                "slot": 0,
                "ssd": 0,
                "storage": "SHARED_STORAGE",
                "storage_type": "lvmthin",
                "type": "scsi",
                "volume": "SHARED_STORAGE:vm-4005-disk-0"
              }
            ],
            "disk_gb": null,
            "force_create": false,
            "force_recreate_on_change_of": null,
            "full_clone": true,
            "guest_agent_ready_timeout": 100,
            "hagroup": "",
            "hastate": "",
            "hostpci": [],
            "hotplug": "network,disk,usb",
            "id": "pve007/qemu/4005",
            "ipconfig0": "ip=172.16.17.246/24,gw=172.16.17.1",
            "ipconfig1": "",
            "ipconfig10": "",
            "ipconfig11": "",
            "ipconfig12": "",
            "ipconfig13": "",
            "ipconfig14": "",
            "ipconfig15": "",
            "ipconfig2": "",
            "ipconfig3": "",
            "ipconfig4": "",
            "ipconfig5": "",
            "ipconfig6": "",
            "ipconfig7": "",
            "ipconfig8": "",
            "ipconfig9": "",
            "iso": null,
            "kvm": true,
            "mac": null,
            "machine": "",
            "memory": 2048,
            "name": "e1-dev-worker-12-4005",
            "nameserver": "",
            "network": [
              {
                "bridge": "vmbr502",
                "firewall": false,
                "link_down": false,
                "macaddr": "42:9F:68:53:96:52",
                "model": "virtio",
                "mtu": 0,
                "queues": 0,
                "rate": 0,
                "tag": -1
              },
              {
                "bridge": "vmbr666",
                "firewall": false,
                "link_down": false,
                "macaddr": "BA:89:F5:9A:F9:0B",
                "model": "virtio",
                "mtu": 0,
                "queues": 0,
                "rate": 0,
                "tag": 1605
              }
            ],
            "nic": null,
            "numa": false,
            "onboot": false,
            "oncreate": true,
            "os_network_config": null,
            "os_type": "cloud-init",
            "pool": "",
            "preprovision": true,
            "pxe": null,
            "qemu_os": "l26",
            "reboot_required": false,
            "scsihw": "virtio-scsi-pci",
            "searchdomain": "",
            "serial": [
              {
                "id": 1,
                "type": "socket"
              }
            ],
            "sockets": 1,
            "ssh_forward_ip": null,
            "ssh_host": null,
            "ssh_port": null,
            "ssh_private_key": null,
            "ssh_user": null,
            "sshkeys": "ssh-rsa AAAAB3NzaC1yc2EAAAADAQABAAABgQCoP95Ds+pwL+NWt750Ax1vh+cTLQKiF5i+G4z4F74WR2tGKAuE2s6d00z24GzS7/c9LV/6Sm5ujaI3+9FeiwkBbJz7hP//M2xcGUzFKZZzcCd0JwAK5ih6OMVVbiLH3TTqnHfqtQcoshUSZjHNXBq0Jj+jhStZ139bYsnzlW1RRe1Z851KIsoVd5J0bpIr2o4zpm9HCgB8S/j6aMw/v1Zump01xiPaDTTjKgHGRpFdoD/xLZF9Cjjv3JgBEIodCfBxuEdzo9FO8hrcgRm9jVEXIL/X7+3R36z09azK2IUfi6t4K4oGjNl8JFEa3rDYfb5O4f+OqD8cJMVSaBptcLSm/MCar/n3/xI4BFDx1tUluablTSzD07VzzVKbdvZRIsSY2PKqYE4ePqZDZa0jslJpyd94zyTvzqUH7vlBNxLSoam82Hh/E+LgQoRGsEJBEAkmjkOUE5yJE9zyuZ51LQpk/9/xc0z2HPQ8sLDiisSGrv0hg5p11/dRLxzQ2SQYNa8= e1deployer@localhost\n",
            "startup": "",
            "storage": null,
            "storage_type": null,
            "tablet": true,
            "tags": "",
            "target_node": "pve007",
            "timeouts": null,
            "unused_disk": [],
            "usb": [],
            "vcpus": 0,
            "vga": [
              {
                "memory": 4,
                "type": "std"
              }
            ],
            "vlan": -1,
            "vmid": 4005
          },
          "sensitive_attributes": [],
          "private": "eyJlMmJmYjczMC1lY2FhLTExZTYtOGY4OC0zNDM2M2JjN2M0YzAiOnsiY3JlYXRlIjoxMjAwMDAwMDAwMDAwLCJkZWZhdWx0IjoxMjAwMDAwMDAwMDAwLCJkZWxldGUiOjEyMDAwMDAwMDAwMDAsInJlYWQiOjEyMDAwMDAwMDAwMDAsInVwZGF0ZSI6MTIwMDAwMDAwMDAwMH19",
          "create_before_destroy": true
        },
        {
          "index_key": "e1-dev-worker-13",
          "schema_version": 0,
          "attributes": {
            "additional_wait": 5,
            "agent": 1,
            "args": "",
            "automatic_reboot": true,
            "balloon": 0,
            "bios": "seabios",
            "boot": "cdn",
            "bootdisk": "scsi0",
            "bridge": null,
            "ci_wait": null,
            "cicustom": "",
            "cipassword": "",
            "ciuser": "e1deployer",
            "clone": "Ubuntu20",
            "clone_wait": 10,
            "cloudinit_cdrom_storage": null,
            "cores": 2,
            "cpu": "kvm64",
            "default_ipv4_address": null,
            "define_connection_info": true,
            "desc": "Instance created from Terraform",
            "disk": [
              {
                "aio": "",
                "backup": true,
                "cache": "none",
                "discard": "on",
                "file": "vm-4006-disk-0",
                "format": "raw",
                "iops": 0,
                "iops_max": 0,
                "iops_max_length": 0,
                "iops_rd": 0,
                "iops_rd_max": 0,
                "iops_rd_max_length": 0,
                "iops_wr": 0,
                "iops_wr_max": 0,
                "iops_wr_max_length": 0,
                "iothread": 0,
                "mbps": 0,
                "mbps_rd": 0,
                "mbps_rd_max": 0,
                "mbps_wr": 0,
                "mbps_wr_max": 0,
                "media": "",
                "replicate": 0,
                "size": "10G",
                "slot": 0,
                "ssd": 0,
                "storage": "SHARED_STORAGE",
                "storage_type": "lvmthin",
                "type": "scsi",
                "volume": "SHARED_STORAGE:vm-4006-disk-0"
              }
            ],
            "disk_gb": null,
            "force_create": false,
            "force_recreate_on_change_of": null,
            "full_clone": true,
            "guest_agent_ready_timeout": 100,
            "hagroup": "",
            "hastate": "",
            "hostpci": [],
            "hotplug": "network,disk,usb",
            "id": "pve007/qemu/4006",
            "ipconfig0": "ip=172.16.17.247/24,gw=172.16.17.1",
            "ipconfig1": "",
            "ipconfig10": "",
            "ipconfig11": "",
            "ipconfig12": "",
            "ipconfig13": "",
            "ipconfig14": "",
            "ipconfig15": "",
            "ipconfig2": "",
            "ipconfig3": "",
            "ipconfig4": "",
            "ipconfig5": "",
            "ipconfig6": "",
            "ipconfig7": "",
            "ipconfig8": "",
            "ipconfig9": "",
            "iso": null,
            "kvm": true,
            "mac": null,
            "machine": "",
            "memory": 2048,
            "name": "e1-dev-worker-13-4006",
            "nameserver": "",
            "network": [
              {
                "bridge": "vmbr502",
                "firewall": false,
                "link_down": false,
                "macaddr": "A2:BC:79:9C:64:AD",
                "model": "virtio",
                "mtu": 0,
                "queues": 0,
                "rate": 0,
                "tag": -1
              },
              {
                "bridge": "vmbr666",
                "firewall": false,
                "link_down": false,
                "macaddr": "EA:51:10:99:C1:55",
                "model": "virtio",
                "mtu": 0,
                "queues": 0,
                "rate": 0,
                "tag": 1605
              }
            ],
            "nic": null,
            "numa": false,
            "onboot": false,
            "oncreate": true,
            "os_network_config": null,
            "os_type": "cloud-init",
            "pool": "",
            "preprovision": true,
            "pxe": null,
            "qemu_os": "l26",
            "reboot_required": false,
            "scsihw": "virtio-scsi-pci",
            "searchdomain": "",
            "serial": [
              {
                "id": 1,
                "type": "socket"
              }
            ],
            "sockets": 1,
            "ssh_forward_ip": null,
            "ssh_host": null,
            "ssh_port": null,
            "ssh_private_key": null,
            "ssh_user": null,
            "sshkeys": "ssh-rsa AAAAB3NzaC1yc2EAAAADAQABAAABgQCoP95Ds+pwL+NWt750Ax1vh+cTLQKiF5i+G4z4F74WR2tGKAuE2s6d00z24GzS7/c9LV/6Sm5ujaI3+9FeiwkBbJz7hP//M2xcGUzFKZZzcCd0JwAK5ih6OMVVbiLH3TTqnHfqtQcoshUSZjHNXBq0Jj+jhStZ139bYsnzlW1RRe1Z851KIsoVd5J0bpIr2o4zpm9HCgB8S/j6aMw/v1Zump01xiPaDTTjKgHGRpFdoD/xLZF9Cjjv3JgBEIodCfBxuEdzo9FO8hrcgRm9jVEXIL/X7+3R36z09azK2IUfi6t4K4oGjNl8JFEa3rDYfb5O4f+OqD8cJMVSaBptcLSm/MCar/n3/xI4BFDx1tUluablTSzD07VzzVKbdvZRIsSY2PKqYE4ePqZDZa0jslJpyd94zyTvzqUH7vlBNxLSoam82Hh/E+LgQoRGsEJBEAkmjkOUE5yJE9zyuZ51LQpk/9/xc0z2HPQ8sLDiisSGrv0hg5p11/dRLxzQ2SQYNa8= e1deployer@localhost\n",
            "startup": "",
            "storage": null,
            "storage_type": null,
            "tablet": true,
            "tags": "",
            "target_node": "pve007",
            "timeouts": null,
            "unused_disk": [],
            "usb": [],
            "vcpus": 0,
            "vga": [
              {
                "memory": 4,
                "type": "std"
              }
            ],
            "vlan": -1,
            "vmid": 4006
          },
          "sensitive_attributes": [],
          "private": "eyJlMmJmYjczMC1lY2FhLTExZTYtOGY4OC0zNDM2M2JjN2M0YzAiOnsiY3JlYXRlIjoxMjAwMDAwMDAwMDAwLCJkZWZhdWx0IjoxMjAwMDAwMDAwMDAwLCJkZWxldGUiOjEyMDAwMDAwMDAwMDAsInJlYWQiOjEyMDAwMDAwMDAwMDAsInVwZGF0ZSI6MTIwMDAwMDAwMDAwMH19",
          "create_before_destroy": true
        }
      ]
    }
  ],
  "check_results": null
}
